PODS:
  - AFNetworking (3.1.0):
    - AFNetworking/NSURLSession (= 3.1.0)
    - AFNetworking/Reachability (= 3.1.0)
    - AFNetworking/Security (= 3.1.0)
    - AFNetworking/Serialization (= 3.1.0)
    - AFNetworking/UIKit (= 3.1.0)
  - AFNetworking/NSURLSession (3.1.0):
    - AFNetworking/Reachability
    - AFNetworking/Security
    - AFNetworking/Serialization
  - AFNetworking/Reachability (3.1.0)
  - AFNetworking/Security (3.1.0)
  - AFNetworking/Serialization (3.1.0)
  - AFNetworking/UIKit (3.1.0):
    - AFNetworking/NSURLSession
  - MBProgressHUD (1.0.0)
  - MJRefresh (3.1.12)
  - SDAutoLayout (2.1.7)
  - SDCycleScrollView (1.65):
    - SDWebImage (~> 3.7)
  - SDWebImage (3.7.6):
    - SDWebImage/Core (= 3.7.6)
  - SDWebImage/Core (3.7.6)
  - SVProgressHUD (2.0.3)
  - SVPullToRefresh (0.4.1)

DEPENDENCIES:
  - AFNetworking (~> 3.1.0)
  - MBProgressHUD (~> 1.0.0)
  - MJRefresh (~> 3.1.12)
  - SDAutoLayout (~> 2.1.7)
  - SDCycleScrollView (~> 1.65)
  - SDWebImage (~> 3.7.6)
  - SVProgressHUD (~> 2.0.3)
  - SVPullToRefresh (~> 0.4.1)

SPEC CHECKSUMS:
  AFNetworking: 5e0e199f73d8626b11e79750991f5d173d1f8b67
  MBProgressHUD: 4890f671c94e8a0f3cf959aa731e9de2f036d71a
  MJRefresh: b96cdb21c4aa75a7b07654311ab2f315c497e806
  SDAutoLayout: e9b36d04b8c0b504762a04d76fbbe5108944297a
  SDCycleScrollView: f72904c77698a7f93a41bcbbc2d78b073bf7326c
  SDWebImage: c325cf02c30337336b95beff20a13df489ec0ec9
  SVProgressHUD: b0830714205bea1317ea1a2ebc71e5633af334d4
  SVPullToRefresh: ba2e718695a43253d8bea6852d2960097dc15d8c

PODFILE CHECKSUM: a04dfa349ab8194d9cf50e521be97ede432f2c17

COCOAPODS: 1.2.0
