// !$*UTF8*$!
{
	archiveVersion = 1;
	classes = {
	};
	objectVersion = 46;
	objects = {

/* Begin PBXBuildFile section */
		01E7FF9319AECBA3198CF8D6 /* libPods-GFreemall.a in Frameworks */ = {isa = PBXBuildFile; fileRef = 0C3C8AC7E101E843F9AACA7E /* libPods-GFreemall.a */; };
		3818ADA91E8B3FC100CA2FB6 /* ScrollViewCell.m in Sources */ = {isa = PBXBuildFile; fileRef = 3818ADA81E8B3FC100CA2FB6 /* ScrollViewCell.m */; };
		3818ADAD1E8B406700CA2FB6 /* MyButton.m in Sources */ = {isa = PBXBuildFile; fileRef = 3818ADAC1E8B406700CA2FB6 /* MyButton.m */; };
		3818ADB01E8B4C4300CA2FB6 /* MyView.m in Sources */ = {isa = PBXBuildFile; fileRef = 3818ADAF1E8B4C4300CA2FB6 /* MyView.m */; };
		3818ADB31E8B4EE200CA2FB6 /* ThreePictureCell.m in Sources */ = {isa = PBXBuildFile; fileRef = 3818ADB21E8B4EE200CA2FB6 /* ThreePictureCell.m */; };
		3818ADB61E8B5EDC00CA2FB6 /* ImageCell.m in Sources */ = {isa = PBXBuildFile; fileRef = 3818ADB51E8B5EDC00CA2FB6 /* ImageCell.m */; };
		3818ADB91E8B61B000CA2FB6 /* MoreAndMoreCell.m in Sources */ = {isa = PBXBuildFile; fileRef = 3818ADB81E8B61B000CA2FB6 /* MoreAndMoreCell.m */; };
		3818ADBC1E8BA71A00CA2FB6 /* ListCell.m in Sources */ = {isa = PBXBuildFile; fileRef = 3818ADBB1E8BA71A00CA2FB6 /* ListCell.m */; };
		3818ADBF1E8BB23200CA2FB6 /* SearchListingsCollectionViewCell.m in Sources */ = {isa = PBXBuildFile; fileRef = 3818ADBE1E8BB23200CA2FB6 /* SearchListingsCollectionViewCell.m */; };
		3818ADC21E8BB27D00CA2FB6 /* SearchListingsView.m in Sources */ = {isa = PBXBuildFile; fileRef = 3818ADC11E8BB27D00CA2FB6 /* SearchListingsView.m */; };
		3836542D1E8C994B0034C332 /* BrandCell.m in Sources */ = {isa = PBXBuildFile; fileRef = 3836542C1E8C994B0034C332 /* BrandCell.m */; };
		383654301E8CA2E10034C332 /* MyAllCell.m in Sources */ = {isa = PBXBuildFile; fileRef = 3836542F1E8CA2E10034C332 /* MyAllCell.m */; };
		383654D51E8CA41F0034C332 /* bg.png in Resources */ = {isa = PBXBuildFile; fileRef = 3836549F1E8CA41F0034C332 /* bg.png */; };
		383654D61E8CA41F0034C332 /* bg@2x.png in Resources */ = {isa = PBXBuildFile; fileRef = 383654A01E8CA41F0034C332 /* bg@2x.png */; };
		383654D71E8CA41F0034C332 /* bg@3x.png in Resources */ = {isa = PBXBuildFile; fileRef = 383654A11E8CA41F0034C332 /* bg@3x.png */; };
		383654D81E8CA41F0034C332 /* icon_address.png in Resources */ = {isa = PBXBuildFile; fileRef = 383654A21E8CA41F0034C332 /* icon_address.png */; };
		383654D91E8CA41F0034C332 /* icon_address@2x.png in Resources */ = {isa = PBXBuildFile; fileRef = 383654A31E8CA41F0034C332 /* icon_address@2x.png */; };
		383654DA1E8CA41F0034C332 /* icon_address@3x.png in Resources */ = {isa = PBXBuildFile; fileRef = 383654A41E8CA41F0034C332 /* icon_address@3x.png */; };
		383654DB1E8CA41F0034C332 /* icon_collect.png in Resources */ = {isa = PBXBuildFile; fileRef = 383654A51E8CA41F0034C332 /* icon_collect.png */; };
		383654DC1E8CA41F0034C332 /* icon_collect@2x.png in Resources */ = {isa = PBXBuildFile; fileRef = 383654A61E8CA41F0034C332 /* icon_collect@2x.png */; };
		383654DD1E8CA41F0034C332 /* icon_collect@3x.png in Resources */ = {isa = PBXBuildFile; fileRef = 383654A71E8CA41F0034C332 /* icon_collect@3x.png */; };
		383654DE1E8CA41F0034C332 /* icon_comment.png in Resources */ = {isa = PBXBuildFile; fileRef = 383654A81E8CA41F0034C332 /* icon_comment.png */; };
		383654DF1E8CA41F0034C332 /* icon_comment@2x.png in Resources */ = {isa = PBXBuildFile; fileRef = 383654A91E8CA41F0034C332 /* icon_comment@2x.png */; };
		383654E01E8CA41F0034C332 /* icon_comment@3x.png in Resources */ = {isa = PBXBuildFile; fileRef = 383654AA1E8CA41F0034C332 /* icon_comment@3x.png */; };
		383654E11E8CA41F0034C332 /* icon_complete.png in Resources */ = {isa = PBXBuildFile; fileRef = 383654AB1E8CA41F0034C332 /* icon_complete.png */; };
		383654E21E8CA41F0034C332 /* icon_complete@2x.png in Resources */ = {isa = PBXBuildFile; fileRef = 383654AC1E8CA41F0034C332 /* icon_complete@2x.png */; };
		383654E31E8CA41F0034C332 /* icon_complete@3x.png in Resources */ = {isa = PBXBuildFile; fileRef = 383654AD1E8CA41F0034C332 /* icon_complete@3x.png */; };
		383654E41E8CA41F0034C332 /* icon_goods.png in Resources */ = {isa = PBXBuildFile; fileRef = 383654AE1E8CA41F0034C332 /* icon_goods.png */; };
		383654E51E8CA41F0034C332 /* icon_goods@2x.png in Resources */ = {isa = PBXBuildFile; fileRef = 383654AF1E8CA41F0034C332 /* icon_goods@2x.png */; };
		383654E61E8CA41F0034C332 /* icon_goods@3x.png in Resources */ = {isa = PBXBuildFile; fileRef = 383654B01E8CA41F0034C332 /* icon_goods@3x.png */; };
		383654E71E8CA41F0034C332 /* icon_information.png in Resources */ = {isa = PBXBuildFile; fileRef = 383654B11E8CA41F0034C332 /* icon_information.png */; };
		383654E81E8CA41F0034C332 /* icon_information@2x.png in Resources */ = {isa = PBXBuildFile; fileRef = 383654B21E8CA41F0034C332 /* icon_information@2x.png */; };
		383654E91E8CA41F0034C332 /* icon_information@3x.png in Resources */ = {isa = PBXBuildFile; fileRef = 383654B31E8CA41F0034C332 /* icon_information@3x.png */; };
		383654EA1E8CA41F0034C332 /* icon_mews.png in Resources */ = {isa = PBXBuildFile; fileRef = 383654B41E8CA41F0034C332 /* icon_mews.png */; };
		383654EB1E8CA41F0034C332 /* icon_mews@2x.png in Resources */ = {isa = PBXBuildFile; fileRef = 383654B51E8CA41F0034C332 /* icon_mews@2x.png */; };
		383654EC1E8CA41F0034C332 /* icon_mews@3x.png in Resources */ = {isa = PBXBuildFile; fileRef = 383654B61E8CA41F0034C332 /* icon_mews@3x.png */; };
		383654ED1E8CA41F0034C332 /* icon_pay.png in Resources */ = {isa = PBXBuildFile; fileRef = 383654B71E8CA41F0034C332 /* icon_pay.png */; };
		383654EE1E8CA41F0034C332 /* icon_pay@2x.png in Resources */ = {isa = PBXBuildFile; fileRef = 383654B81E8CA41F0034C332 /* icon_pay@2x.png */; };
		383654EF1E8CA41F0034C332 /* icon_pay@3x.png in Resources */ = {isa = PBXBuildFile; fileRef = 383654B91E8CA41F0034C332 /* icon_pay@3x.png */; };
		383654F01E8CA41F0034C332 /* icon_right.png in Resources */ = {isa = PBXBuildFile; fileRef = 383654BA1E8CA41F0034C332 /* icon_right.png */; };
		383654F11E8CA41F0034C332 /* icon_right@2x.png in Resources */ = {isa = PBXBuildFile; fileRef = 383654BB1E8CA41F0034C332 /* icon_right@2x.png */; };
		383654F21E8CA41F0034C332 /* icon_right@3x.png in Resources */ = {isa = PBXBuildFile; fileRef = 383654BC1E8CA41F0034C332 /* icon_right@3x.png */; };
		383654F31E8CA41F0034C332 /* icon_setting.png in Resources */ = {isa = PBXBuildFile; fileRef = 383654BD1E8CA41F0034C332 /* icon_setting.png */; };
		383654F41E8CA41F0034C332 /* icon_setting@2x.png in Resources */ = {isa = PBXBuildFile; fileRef = 383654BE1E8CA41F0034C332 /* icon_setting@2x.png */; };
		383654F51E8CA41F0034C332 /* icon_setting@3x.png in Resources */ = {isa = PBXBuildFile; fileRef = 383654BF1E8CA41F0034C332 /* icon_setting@3x.png */; };
		383654F61E8CA41F0034C332 /* icon_wallete.png in Resources */ = {isa = PBXBuildFile; fileRef = 383654C01E8CA41F0034C332 /* icon_wallete.png */; };
		383654F71E8CA41F0034C332 /* icon_wallete@2x.png in Resources */ = {isa = PBXBuildFile; fileRef = 383654C11E8CA41F0034C332 /* icon_wallete@2x.png */; };
		383654F81E8CA41F0034C332 /* icon_wallete@3x.png in Resources */ = {isa = PBXBuildFile; fileRef = 383654C21E8CA41F0034C332 /* icon_wallete@3x.png */; };
		383654F91E8CA41F0034C332 /* member_copper.png in Resources */ = {isa = PBXBuildFile; fileRef = 383654C31E8CA41F0034C332 /* member_copper.png */; };
		383654FA1E8CA41F0034C332 /* member_copper@2x.png in Resources */ = {isa = PBXBuildFile; fileRef = 383654C41E8CA41F0034C332 /* member_copper@2x.png */; };
		383654FB1E8CA41F0034C332 /* member_copper@3x.png in Resources */ = {isa = PBXBuildFile; fileRef = 383654C51E8CA41F0034C332 /* member_copper@3x.png */; };
		383654FC1E8CA41F0034C332 /* member_diamond.png in Resources */ = {isa = PBXBuildFile; fileRef = 383654C61E8CA41F0034C332 /* member_diamond.png */; };
		383654FD1E8CA41F0034C332 /* member_diamond@2x.png in Resources */ = {isa = PBXBuildFile; fileRef = 383654C71E8CA41F0034C332 /* member_diamond@2x.png */; };
		383654FE1E8CA41F0034C332 /* member_diamond@3x.png in Resources */ = {isa = PBXBuildFile; fileRef = 383654C81E8CA41F0034C332 /* member_diamond@3x.png */; };
		383654FF1E8CA41F0034C332 /* member_gold.png in Resources */ = {isa = PBXBuildFile; fileRef = 383654C91E8CA41F0034C332 /* member_gold.png */; };
		383655001E8CA41F0034C332 /* member_gold@2x.png in Resources */ = {isa = PBXBuildFile; fileRef = 383654CA1E8CA41F0034C332 /* member_gold@2x.png */; };
		383655011E8CA41F0034C332 /* member_gold@3x.png in Resources */ = {isa = PBXBuildFile; fileRef = 383654CB1E8CA41F0034C332 /* member_gold@3x.png */; };
		383655021E8CA41F0034C332 /* member_register.png in Resources */ = {isa = PBXBuildFile; fileRef = 383654CC1E8CA41F0034C332 /* member_register.png */; };
		383655031E8CA41F0034C332 /* member_register@2x.png in Resources */ = {isa = PBXBuildFile; fileRef = 383654CD1E8CA41F0034C332 /* member_register@2x.png */; };
		383655041E8CA41F0034C332 /* member_register@3x.png in Resources */ = {isa = PBXBuildFile; fileRef = 383654CE1E8CA41F0034C332 /* member_register@3x.png */; };
		383655051E8CA41F0034C332 /* member_silver.png in Resources */ = {isa = PBXBuildFile; fileRef = 383654CF1E8CA41F0034C332 /* member_silver.png */; };
		383655061E8CA41F0034C332 /* member_silver@2x.png in Resources */ = {isa = PBXBuildFile; fileRef = 383654D01E8CA41F0034C332 /* member_silver@2x.png */; };
		383655071E8CA41F0034C332 /* member_silver@3x.png in Resources */ = {isa = PBXBuildFile; fileRef = 383654D11E8CA41F0034C332 /* member_silver@3x.png */; };
		383655081E8CA41F0034C332 /* pic_portrait.png in Resources */ = {isa = PBXBuildFile; fileRef = 383654D21E8CA41F0034C332 /* pic_portrait.png */; };
		383655091E8CA41F0034C332 /* pic_portrait@2x.png in Resources */ = {isa = PBXBuildFile; fileRef = 383654D31E8CA41F0034C332 /* pic_portrait@2x.png */; };
		3836550A1E8CA41F0034C332 /* pic_portrait@3x.png in Resources */ = {isa = PBXBuildFile; fileRef = 383654D41E8CA41F0034C332 /* pic_portrait@3x.png */; };
		38BD10CF1E8A377000028255 /* icon_cart_s@2x.png in Resources */ = {isa = PBXBuildFile; fileRef = 38BD10A01E8A377000028255 /* icon_cart_s@2x.png */; };
		38BD10D01E8A377000028255 /* icon_cart_s@3x.png in Resources */ = {isa = PBXBuildFile; fileRef = 38BD10A11E8A377000028255 /* icon_cart_s@3x.png */; };
		38BD10D11E8A377000028255 /* icon_cart.png in Resources */ = {isa = PBXBuildFile; fileRef = 38BD10A21E8A377000028255 /* icon_cart.png */; };
		38BD10D21E8A377000028255 /* icon_cart@2x.png in Resources */ = {isa = PBXBuildFile; fileRef = 38BD10A31E8A377000028255 /* icon_cart@2x.png */; };
		38BD10D31E8A377000028255 /* icon_cart@3x.png in Resources */ = {isa = PBXBuildFile; fileRef = 38BD10A41E8A377000028255 /* icon_cart@3x.png */; };
		38BD10D41E8A377000028255 /* icon_classify_s.png in Resources */ = {isa = PBXBuildFile; fileRef = 38BD10A51E8A377000028255 /* icon_classify_s.png */; };
		38BD10D51E8A377000028255 /* icon_classify_s@2x.png in Resources */ = {isa = PBXBuildFile; fileRef = 38BD10A61E8A377000028255 /* icon_classify_s@2x.png */; };
		38BD10D61E8A377000028255 /* icon_classify_s@3x.png in Resources */ = {isa = PBXBuildFile; fileRef = 38BD10A71E8A377000028255 /* icon_classify_s@3x.png */; };
		38BD10D71E8A377000028255 /* icon_classify.png in Resources */ = {isa = PBXBuildFile; fileRef = 38BD10A81E8A377000028255 /* icon_classify.png */; };
		38BD10D81E8A377000028255 /* icon_classify@2x.png in Resources */ = {isa = PBXBuildFile; fileRef = 38BD10A91E8A377000028255 /* icon_classify@2x.png */; };
		38BD10D91E8A377000028255 /* icon_classify@3x.png in Resources */ = {isa = PBXBuildFile; fileRef = 38BD10AA1E8A377000028255 /* icon_classify@3x.png */; };
		38BD10DA1E8A377000028255 /* icon_gfm_s.png in Resources */ = {isa = PBXBuildFile; fileRef = 38BD10AB1E8A377000028255 /* icon_gfm_s.png */; };
		38BD10DB1E8A377000028255 /* icon_gfm_s@2x.png in Resources */ = {isa = PBXBuildFile; fileRef = 38BD10AC1E8A377000028255 /* icon_gfm_s@2x.png */; };
		38BD10DC1E8A377000028255 /* icon_gfm_s@3x.png in Resources */ = {isa = PBXBuildFile; fileRef = 38BD10AD1E8A377000028255 /* icon_gfm_s@3x.png */; };
		38BD10DD1E8A377000028255 /* icon_gfm.png in Resources */ = {isa = PBXBuildFile; fileRef = 38BD10AE1E8A377000028255 /* icon_gfm.png */; };
		38BD10DE1E8A377000028255 /* icon_gfm@2x.png in Resources */ = {isa = PBXBuildFile; fileRef = 38BD10AF1E8A377000028255 /* icon_gfm@2x.png */; };
		38BD10DF1E8A377000028255 /* icon_gfm@3x.png in Resources */ = {isa = PBXBuildFile; fileRef = 38BD10B01E8A377000028255 /* icon_gfm@3x.png */; };
		38BD10E01E8A377000028255 /* icon_home_s.png in Resources */ = {isa = PBXBuildFile; fileRef = 38BD10B11E8A377000028255 /* icon_home_s.png */; };
		38BD10E11E8A377000028255 /* icon_home_s@2x.png in Resources */ = {isa = PBXBuildFile; fileRef = 38BD10B21E8A377000028255 /* icon_home_s@2x.png */; };
		38BD10E21E8A377000028255 /* icon_home_s@3x.png in Resources */ = {isa = PBXBuildFile; fileRef = 38BD10B31E8A377000028255 /* icon_home_s@3x.png */; };
		38BD10E31E8A377000028255 /* icon_home.png in Resources */ = {isa = PBXBuildFile; fileRef = 38BD10B41E8A377000028255 /* icon_home.png */; };
		38BD10E41E8A377000028255 /* icon_home@2x.png in Resources */ = {isa = PBXBuildFile; fileRef = 38BD10B51E8A377000028255 /* icon_home@2x.png */; };
		38BD10E51E8A377000028255 /* icon_home@3x.png in Resources */ = {isa = PBXBuildFile; fileRef = 38BD10B61E8A377000028255 /* icon_home@3x.png */; };
		38BD10E61E8A377000028255 /* icon_mine_s.png in Resources */ = {isa = PBXBuildFile; fileRef = 38BD10B71E8A377000028255 /* icon_mine_s.png */; };
		38BD10E71E8A377000028255 /* icon_mine_s@2x.png in Resources */ = {isa = PBXBuildFile; fileRef = 38BD10B81E8A377000028255 /* icon_mine_s@2x.png */; };
		38BD10E81E8A377000028255 /* icon_mine_s@3x.png in Resources */ = {isa = PBXBuildFile; fileRef = 38BD10B91E8A377000028255 /* icon_mine_s@3x.png */; };
		38BD10E91E8A377000028255 /* icon_mine.png in Resources */ = {isa = PBXBuildFile; fileRef = 38BD10BA1E8A377000028255 /* icon_mine.png */; };
		38BD10EA1E8A377000028255 /* icon_mine@2x.png in Resources */ = {isa = PBXBuildFile; fileRef = 38BD10BB1E8A377000028255 /* icon_mine@2x.png */; };
		38BD10EB1E8A377000028255 /* icon_mine@3x.png in Resources */ = {isa = PBXBuildFile; fileRef = 38BD10BC1E8A377000028255 /* icon_mine@3x.png */; };
		38BD10EC1E8A377000028255 /* icon_news.png in Resources */ = {isa = PBXBuildFile; fileRef = 38BD10BD1E8A377000028255 /* icon_news.png */; };
		38BD10ED1E8A377000028255 /* icon_news@2x.png in Resources */ = {isa = PBXBuildFile; fileRef = 38BD10BE1E8A377000028255 /* icon_news@2x.png */; };
		38BD10EE1E8A377000028255 /* icon_news@3x.png in Resources */ = {isa = PBXBuildFile; fileRef = 38BD10BF1E8A377000028255 /* icon_news@3x.png */; };
		38BD10EF1E8A377000028255 /* icon_search.png in Resources */ = {isa = PBXBuildFile; fileRef = 38BD10C01E8A377000028255 /* icon_search.png */; };
		38BD10F01E8A377000028255 /* icon_search@2x.png in Resources */ = {isa = PBXBuildFile; fileRef = 38BD10C11E8A377000028255 /* icon_search@2x.png */; };
		38BD10F11E8A377000028255 /* icon_search@3x.png in Resources */ = {isa = PBXBuildFile; fileRef = 38BD10C21E8A377000028255 /* icon_search@3x.png */; };
		38BD10F21E8A377000028255 /* logo.png in Resources */ = {isa = PBXBuildFile; fileRef = 38BD10C31E8A377000028255 /* logo.png */; };
		38BD10F31E8A377000028255 /* logo@2x.png in Resources */ = {isa = PBXBuildFile; fileRef = 38BD10C41E8A377000028255 /* logo@2x.png */; };
		38BD10F41E8A377000028255 /* logo@3x.png in Resources */ = {isa = PBXBuildFile; fileRef = 38BD10C51E8A377000028255 /* logo@3x.png */; };
		38BD10F51E8A377000028255 /* lunbo_red.png in Resources */ = {isa = PBXBuildFile; fileRef = 38BD10C61E8A377000028255 /* lunbo_red.png */; };
		38BD10F61E8A377000028255 /* lunbo_red@2x.png in Resources */ = {isa = PBXBuildFile; fileRef = 38BD10C71E8A377000028255 /* lunbo_red@2x.png */; };
		38BD10F71E8A377000028255 /* lunbo_red@3x.png in Resources */ = {isa = PBXBuildFile; fileRef = 38BD10C81E8A377000028255 /* lunbo_red@3x.png */; };
		38BD10F81E8A377000028255 /* lunbo_white.png in Resources */ = {isa = PBXBuildFile; fileRef = 38BD10C91E8A377000028255 /* lunbo_white.png */; };
		38BD10F91E8A377000028255 /* lunbo_white@2x.png in Resources */ = {isa = PBXBuildFile; fileRef = 38BD10CA1E8A377000028255 /* lunbo_white@2x.png */; };
		38BD10FA1E8A377000028255 /* lunbo_white@3x.png in Resources */ = {isa = PBXBuildFile; fileRef = 38BD10CB1E8A377000028255 /* lunbo_white@3x.png */; };
		38BD10FB1E8A377000028255 /* search_bg.png in Resources */ = {isa = PBXBuildFile; fileRef = 38BD10CC1E8A377000028255 /* search_bg.png */; };
		38BD10FC1E8A377000028255 /* search_bg@2x.png in Resources */ = {isa = PBXBuildFile; fileRef = 38BD10CD1E8A377000028255 /* search_bg@2x.png */; };
		38BD10FD1E8A377000028255 /* search_bg@3x.png in Resources */ = {isa = PBXBuildFile; fileRef = 38BD10CE1E8A377000028255 /* search_bg@3x.png */; };
		38BD11001E8A42B900028255 /* HomeCell.m in Sources */ = {isa = PBXBuildFile; fileRef = 38BD10FF1E8A42B900028255 /* HomeCell.m */; };
		38BD11031E8A46EF00028255 /* NULLCell.m in Sources */ = {isa = PBXBuildFile; fileRef = 38BD11021E8A46EF00028255 /* NULLCell.m */; };
		38BD123A1E8A6F4300028255 /* Localizable.strings in Resources */ = {isa = PBXBuildFile; fileRef = 38BD123C1E8A6F4300028255 /* Localizable.strings */; };
		38BD12431E8A829900028255 /* InfoPlist.strings in Resources */ = {isa = PBXBuildFile; fileRef = 38BD12451E8A829900028255 /* InfoPlist.strings */; };
		38C9DC8B1E88BF5F00F231B0 /* main.m in Sources */ = {isa = PBXBuildFile; fileRef = 38C9DC8A1E88BF5F00F231B0 /* main.m */; };
		38C9DC8E1E88BF5F00F231B0 /* AppDelegate.m in Sources */ = {isa = PBXBuildFile; fileRef = 38C9DC8D1E88BF5F00F231B0 /* AppDelegate.m */; };
		38C9DC911E88BF5F00F231B0 /* ViewController.m in Sources */ = {isa = PBXBuildFile; fileRef = 38C9DC901E88BF5F00F231B0 /* ViewController.m */; };
		38C9DC941E88BF5F00F231B0 /* Main.storyboard in Resources */ = {isa = PBXBuildFile; fileRef = 38C9DC921E88BF5F00F231B0 /* Main.storyboard */; };
		38C9DC961E88BF5F00F231B0 /* Assets.xcassets in Resources */ = {isa = PBXBuildFile; fileRef = 38C9DC951E88BF5F00F231B0 /* Assets.xcassets */; };
		38C9DC991E88BF5F00F231B0 /* LaunchScreen.storyboard in Resources */ = {isa = PBXBuildFile; fileRef = 38C9DC971E88BF5F00F231B0 /* LaunchScreen.storyboard */; };
		38C9DCA41E88BF5F00F231B0 /* GFreemallTests.m in Sources */ = {isa = PBXBuildFile; fileRef = 38C9DCA31E88BF5F00F231B0 /* GFreemallTests.m */; };
		38C9DCAF1E88BF5F00F231B0 /* GFreemallUITests.m in Sources */ = {isa = PBXBuildFile; fileRef = 38C9DCAE1E88BF5F00F231B0 /* GFreemallUITests.m */; };
		38C9DCBF1E89006000F231B0 /* SingletonClass.m in Sources */ = {isa = PBXBuildFile; fileRef = 38C9DCBE1E89006000F231B0 /* SingletonClass.m */; };
		38C9DCC21E89009F00F231B0 /* TheParentClass.m in Sources */ = {isa = PBXBuildFile; fileRef = 38C9DCC11E89009F00F231B0 /* TheParentClass.m */; };
		38C9DCC61E89012A00F231B0 /* HomeViewController.m in Sources */ = {isa = PBXBuildFile; fileRef = 38C9DCC51E89012A00F231B0 /* HomeViewController.m */; };
		38C9DCCA1E89018400F231B0 /* ClassificationViewController.m in Sources */ = {isa = PBXBuildFile; fileRef = 38C9DCC91E89018400F231B0 /* ClassificationViewController.m */; };
		38C9DCCE1E8901C300F231B0 /* GFMViewController.m in Sources */ = {isa = PBXBuildFile; fileRef = 38C9DCCD1E8901C300F231B0 /* GFMViewController.m */; };
		38C9DCD21E8901FD00F231B0 /* ShoppingCartViewController.m in Sources */ = {isa = PBXBuildFile; fileRef = 38C9DCD11E8901FD00F231B0 /* ShoppingCartViewController.m */; };
		38C9DCD61E89021600F231B0 /* MyViewController.m in Sources */ = {isa = PBXBuildFile; fileRef = 38C9DCD51E89021600F231B0 /* MyViewController.m */; };
/* End PBXBuildFile section */

/* Begin PBXContainerItemProxy section */
		38C9DCA01E88BF5F00F231B0 /* PBXContainerItemProxy */ = {
			isa = PBXContainerItemProxy;
			containerPortal = 38C9DC7E1E88BF5F00F231B0 /* Project object */;
			proxyType = 1;
			remoteGlobalIDString = 38C9DC851E88BF5F00F231B0;
			remoteInfo = GFreemall;
		};
		38C9DCAB1E88BF5F00F231B0 /* PBXContainerItemProxy */ = {
			isa = PBXContainerItemProxy;
			containerPortal = 38C9DC7E1E88BF5F00F231B0 /* Project object */;
			proxyType = 1;
			remoteGlobalIDString = 38C9DC851E88BF5F00F231B0;
			remoteInfo = GFreemall;
		};
/* End PBXContainerItemProxy section */

/* Begin PBXFileReference section */
		0C3C8AC7E101E843F9AACA7E /* libPods-GFreemall.a */ = {isa = PBXFileReference; explicitFileType = archive.ar; includeInIndex = 0; path = "libPods-GFreemall.a"; sourceTree = BUILT_PRODUCTS_DIR; };
		2975E64A1C59A326D2785033 /* Pods-GFreemall.release.xcconfig */ = {isa = PBXFileReference; includeInIndex = 1; lastKnownFileType = text.xcconfig; name = "Pods-GFreemall.release.xcconfig"; path = "Pods/Target Support Files/Pods-GFreemall/Pods-GFreemall.release.xcconfig"; sourceTree = "<group>"; };
		3818ADA71E8B3FC100CA2FB6 /* ScrollViewCell.h */ = {isa = PBXFileReference; fileEncoding = 4; lastKnownFileType = sourcecode.c.h; path = ScrollViewCell.h; sourceTree = "<group>"; };
		3818ADA81E8B3FC100CA2FB6 /* ScrollViewCell.m */ = {isa = PBXFileReference; fileEncoding = 4; lastKnownFileType = sourcecode.c.objc; path = ScrollViewCell.m; sourceTree = "<group>"; };
		3818ADAB1E8B406700CA2FB6 /* MyButton.h */ = {isa = PBXFileReference; fileEncoding = 4; lastKnownFileType = sourcecode.c.h; path = MyButton.h; sourceTree = "<group>"; };
		3818ADAC1E8B406700CA2FB6 /* MyButton.m */ = {isa = PBXFileReference; fileEncoding = 4; lastKnownFileType = sourcecode.c.objc; path = MyButton.m; sourceTree = "<group>"; };
		3818ADAE1E8B4C4300CA2FB6 /* MyView.h */ = {isa = PBXFileReference; fileEncoding = 4; lastKnownFileType = sourcecode.c.h; path = MyView.h; sourceTree = "<group>"; };
		3818ADAF1E8B4C4300CA2FB6 /* MyView.m */ = {isa = PBXFileReference; fileEncoding = 4; lastKnownFileType = sourcecode.c.objc; path = MyView.m; sourceTree = "<group>"; };
		3818ADB11E8B4EE200CA2FB6 /* ThreePictureCell.h */ = {isa = PBXFileReference; fileEncoding = 4; lastKnownFileType = sourcecode.c.h; path = ThreePictureCell.h; sourceTree = "<group>"; };
		3818ADB21E8B4EE200CA2FB6 /* ThreePictureCell.m */ = {isa = PBXFileReference; fileEncoding = 4; lastKnownFileType = sourcecode.c.objc; path = ThreePictureCell.m; sourceTree = "<group>"; };
		3818ADB41E8B5EDC00CA2FB6 /* ImageCell.h */ = {isa = PBXFileReference; fileEncoding = 4; lastKnownFileType = sourcecode.c.h; path = ImageCell.h; sourceTree = "<group>"; };
		3818ADB51E8B5EDC00CA2FB6 /* ImageCell.m */ = {isa = PBXFileReference; fileEncoding = 4; lastKnownFileType = sourcecode.c.objc; path = ImageCell.m; sourceTree = "<group>"; };
		3818ADB71E8B61B000CA2FB6 /* MoreAndMoreCell.h */ = {isa = PBXFileReference; fileEncoding = 4; lastKnownFileType = sourcecode.c.h; path = MoreAndMoreCell.h; sourceTree = "<group>"; };
		3818ADB81E8B61B000CA2FB6 /* MoreAndMoreCell.m */ = {isa = PBXFileReference; fileEncoding = 4; lastKnownFileType = sourcecode.c.objc; path = MoreAndMoreCell.m; sourceTree = "<group>"; };
		3818ADBA1E8BA71A00CA2FB6 /* ListCell.h */ = {isa = PBXFileReference; fileEncoding = 4; lastKnownFileType = sourcecode.c.h; path = ListCell.h; sourceTree = "<group>"; };
		3818ADBB1E8BA71A00CA2FB6 /* ListCell.m */ = {isa = PBXFileReference; fileEncoding = 4; lastKnownFileType = sourcecode.c.objc; path = ListCell.m; sourceTree = "<group>"; };
		3818ADBD1E8BB23200CA2FB6 /* SearchListingsCollectionViewCell.h */ = {isa = PBXFileReference; fileEncoding = 4; lastKnownFileType = sourcecode.c.h; path = SearchListingsCollectionViewCell.h; sourceTree = "<group>"; };
		3818ADBE1E8BB23200CA2FB6 /* SearchListingsCollectionViewCell.m */ = {isa = PBXFileReference; fileEncoding = 4; lastKnownFileType = sourcecode.c.objc; path = SearchListingsCollectionViewCell.m; sourceTree = "<group>"; };
		3818ADC01E8BB27D00CA2FB6 /* SearchListingsView.h */ = {isa = PBXFileReference; fileEncoding = 4; lastKnownFileType = sourcecode.c.h; path = SearchListingsView.h; sourceTree = "<group>"; };
		3818ADC11E8BB27D00CA2FB6 /* SearchListingsView.m */ = {isa = PBXFileReference; fileEncoding = 4; lastKnownFileType = sourcecode.c.objc; path = SearchListingsView.m; sourceTree = "<group>"; };
		3836542B1E8C994B0034C332 /* BrandCell.h */ = {isa = PBXFileReference; fileEncoding = 4; lastKnownFileType = sourcecode.c.h; path = BrandCell.h; sourceTree = "<group>"; };
		3836542C1E8C994B0034C332 /* BrandCell.m */ = {isa = PBXFileReference; fileEncoding = 4; lastKnownFileType = sourcecode.c.objc; path = BrandCell.m; sourceTree = "<group>"; };
		3836542E1E8CA2E10034C332 /* MyAllCell.h */ = {isa = PBXFileReference; fileEncoding = 4; lastKnownFileType = sourcecode.c.h; path = MyAllCell.h; sourceTree = "<group>"; };
		3836542F1E8CA2E10034C332 /* MyAllCell.m */ = {isa = PBXFileReference; fileEncoding = 4; lastKnownFileType = sourcecode.c.objc; path = MyAllCell.m; sourceTree = "<group>"; };
		3836549F1E8CA41F0034C332 /* bg.png */ = {isa = PBXFileReference; lastKnownFileType = image.png; name = bg.png; path = "imgs/个人/归档/bg.png"; sourceTree = "<group>"; };
		383654A01E8CA41F0034C332 /* bg@2x.png */ = {isa = PBXFileReference; lastKnownFileType = image.png; name = "bg@2x.png"; path = "imgs/个人/归档/bg@2x.png"; sourceTree = "<group>"; };
		383654A11E8CA41F0034C332 /* bg@3x.png */ = {isa = PBXFileReference; lastKnownFileType = image.png; name = "bg@3x.png"; path = "imgs/个人/归档/bg@3x.png"; sourceTree = "<group>"; };
		383654A21E8CA41F0034C332 /* icon_address.png */ = {isa = PBXFileReference; lastKnownFileType = image.png; name = icon_address.png; path = "imgs/个人/归档/icon_address.png"; sourceTree = "<group>"; };
		383654A31E8CA41F0034C332 /* icon_address@2x.png */ = {isa = PBXFileReference; lastKnownFileType = image.png; name = "icon_address@2x.png"; path = "imgs/个人/归档/icon_address@2x.png"; sourceTree = "<group>"; };
		383654A41E8CA41F0034C332 /* icon_address@3x.png */ = {isa = PBXFileReference; lastKnownFileType = image.png; name = "icon_address@3x.png"; path = "imgs/个人/归档/icon_address@3x.png"; sourceTree = "<group>"; };
		383654A51E8CA41F0034C332 /* icon_collect.png */ = {isa = PBXFileReference; lastKnownFileType = image.png; name = icon_collect.png; path = "imgs/个人/归档/icon_collect.png"; sourceTree = "<group>"; };
		383654A61E8CA41F0034C332 /* icon_collect@2x.png */ = {isa = PBXFileReference; lastKnownFileType = image.png; name = "icon_collect@2x.png"; path = "imgs/个人/归档/icon_collect@2x.png"; sourceTree = "<group>"; };
		383654A71E8CA41F0034C332 /* icon_collect@3x.png */ = {isa = PBXFileReference; lastKnownFileType = image.png; name = "icon_collect@3x.png"; path = "imgs/个人/归档/icon_collect@3x.png"; sourceTree = "<group>"; };
		383654A81E8CA41F0034C332 /* icon_comment.png */ = {isa = PBXFileReference; lastKnownFileType = image.png; name = icon_comment.png; path = "imgs/个人/归档/icon_comment.png"; sourceTree = "<group>"; };
		383654A91E8CA41F0034C332 /* icon_comment@2x.png */ = {isa = PBXFileReference; lastKnownFileType = image.png; name = "icon_comment@2x.png"; path = "imgs/个人/归档/icon_comment@2x.png"; sourceTree = "<group>"; };
		383654AA1E8CA41F0034C332 /* icon_comment@3x.png */ = {isa = PBXFileReference; lastKnownFileType = image.png; name = "icon_comment@3x.png"; path = "imgs/个人/归档/icon_comment@3x.png"; sourceTree = "<group>"; };
		383654AB1E8CA41F0034C332 /* icon_complete.png */ = {isa = PBXFileReference; lastKnownFileType = image.png; name = icon_complete.png; path = "imgs/个人/归档/icon_complete.png"; sourceTree = "<group>"; };
		383654AC1E8CA41F0034C332 /* icon_complete@2x.png */ = {isa = PBXFileReference; lastKnownFileType = image.png; name = "icon_complete@2x.png"; path = "imgs/个人/归档/icon_complete@2x.png"; sourceTree = "<group>"; };
		383654AD1E8CA41F0034C332 /* icon_complete@3x.png */ = {isa = PBXFileReference; lastKnownFileType = image.png; name = "icon_complete@3x.png"; path = "imgs/个人/归档/icon_complete@3x.png"; sourceTree = "<group>"; };
		383654AE1E8CA41F0034C332 /* icon_goods.png */ = {isa = PBXFileReference; lastKnownFileType = image.png; name = icon_goods.png; path = "imgs/个人/归档/icon_goods.png"; sourceTree = "<group>"; };
		383654AF1E8CA41F0034C332 /* icon_goods@2x.png */ = {isa = PBXFileReference; lastKnownFileType = image.png; name = "icon_goods@2x.png"; path = "imgs/个人/归档/icon_goods@2x.png"; sourceTree = "<group>"; };
		383654B01E8CA41F0034C332 /* icon_goods@3x.png */ = {isa = PBXFileReference; lastKnownFileType = image.png; name = "icon_goods@3x.png"; path = "imgs/个人/归档/icon_goods@3x.png"; sourceTree = "<group>"; };
		383654B11E8CA41F0034C332 /* icon_information.png */ = {isa = PBXFileReference; lastKnownFileType = image.png; name = icon_information.png; path = "imgs/个人/归档/icon_information.png"; sourceTree = "<group>"; };
		383654B21E8CA41F0034C332 /* icon_information@2x.png */ = {isa = PBXFileReference; lastKnownFileType = image.png; name = "icon_information@2x.png"; path = "imgs/个人/归档/icon_information@2x.png"; sourceTree = "<group>"; };
		383654B31E8CA41F0034C332 /* icon_information@3x.png */ = {isa = PBXFileReference; lastKnownFileType = image.png; name = "icon_information@3x.png"; path = "imgs/个人/归档/icon_information@3x.png"; sourceTree = "<group>"; };
		383654B41E8CA41F0034C332 /* icon_mews.png */ = {isa = PBXFileReference; lastKnownFileType = image.png; name = icon_mews.png; path = "imgs/个人/归档/icon_mews.png"; sourceTree = "<group>"; };
		383654B51E8CA41F0034C332 /* icon_mews@2x.png */ = {isa = PBXFileReference; lastKnownFileType = image.png; name = "icon_mews@2x.png"; path = "imgs/个人/归档/icon_mews@2x.png"; sourceTree = "<group>"; };
		383654B61E8CA41F0034C332 /* icon_mews@3x.png */ = {isa = PBXFileReference; lastKnownFileType = image.png; name = "icon_mews@3x.png"; path = "imgs/个人/归档/icon_mews@3x.png"; sourceTree = "<group>"; };
		383654B71E8CA41F0034C332 /* icon_pay.png */ = {isa = PBXFileReference; lastKnownFileType = image.png; name = icon_pay.png; path = "imgs/个人/归档/icon_pay.png"; sourceTree = "<group>"; };
		383654B81E8CA41F0034C332 /* icon_pay@2x.png */ = {isa = PBXFileReference; lastKnownFileType = image.png; name = "icon_pay@2x.png"; path = "imgs/个人/归档/icon_pay@2x.png"; sourceTree = "<group>"; };
		383654B91E8CA41F0034C332 /* icon_pay@3x.png */ = {isa = PBXFileReference; lastKnownFileType = image.png; name = "icon_pay@3x.png"; path = "imgs/个人/归档/icon_pay@3x.png"; sourceTree = "<group>"; };
		383654BA1E8CA41F0034C332 /* icon_right.png */ = {isa = PBXFileReference; lastKnownFileType = image.png; name = icon_right.png; path = "imgs/个人/归档/icon_right.png"; sourceTree = "<group>"; };
		383654BB1E8CA41F0034C332 /* icon_right@2x.png */ = {isa = PBXFileReference; lastKnownFileType = image.png; name = "icon_right@2x.png"; path = "imgs/个人/归档/icon_right@2x.png"; sourceTree = "<group>"; };
		383654BC1E8CA41F0034C332 /* icon_right@3x.png */ = {isa = PBXFileReference; lastKnownFileType = image.png; name = "icon_right@3x.png"; path = "imgs/个人/归档/icon_right@3x.png"; sourceTree = "<group>"; };
		383654BD1E8CA41F0034C332 /* icon_setting.png */ = {isa = PBXFileReference; lastKnownFileType = image.png; name = icon_setting.png; path = "imgs/个人/归档/icon_setting.png"; sourceTree = "<group>"; };
		383654BE1E8CA41F0034C332 /* icon_setting@2x.png */ = {isa = PBXFileReference; lastKnownFileType = image.png; name = "icon_setting@2x.png"; path = "imgs/个人/归档/icon_setting@2x.png"; sourceTree = "<group>"; };
		383654BF1E8CA41F0034C332 /* icon_setting@3x.png */ = {isa = PBXFileReference; lastKnownFileType = image.png; name = "icon_setting@3x.png"; path = "imgs/个人/归档/icon_setting@3x.png"; sourceTree = "<group>"; };
		383654C01E8CA41F0034C332 /* icon_wallete.png */ = {isa = PBXFileReference; lastKnownFileType = image.png; name = icon_wallete.png; path = "imgs/个人/归档/icon_wallete.png"; sourceTree = "<group>"; };
		383654C11E8CA41F0034C332 /* icon_wallete@2x.png */ = {isa = PBXFileReference; lastKnownFileType = image.png; name = "icon_wallete@2x.png"; path = "imgs/个人/归档/icon_wallete@2x.png"; sourceTree = "<group>"; };
		383654C21E8CA41F0034C332 /* icon_wallete@3x.png */ = {isa = PBXFileReference; lastKnownFileType = image.png; name = "icon_wallete@3x.png"; path = "imgs/个人/归档/icon_wallete@3x.png"; sourceTree = "<group>"; };
		383654C31E8CA41F0034C332 /* member_copper.png */ = {isa = PBXFileReference; lastKnownFileType = image.png; name = member_copper.png; path = "imgs/个人/归档/member_copper.png"; sourceTree = "<group>"; };
		383654C41E8CA41F0034C332 /* member_copper@2x.png */ = {isa = PBXFileReference; lastKnownFileType = image.png; name = "member_copper@2x.png"; path = "imgs/个人/归档/member_copper@2x.png"; sourceTree = "<group>"; };
		383654C51E8CA41F0034C332 /* member_copper@3x.png */ = {isa = PBXFileReference; lastKnownFileType = image.png; name = "member_copper@3x.png"; path = "imgs/个人/归档/member_copper@3x.png"; sourceTree = "<group>"; };
		383654C61E8CA41F0034C332 /* member_diamond.png */ = {isa = PBXFileReference; lastKnownFileType = image.png; name = member_diamond.png; path = "imgs/个人/归档/member_diamond.png"; sourceTree = "<group>"; };
		383654C71E8CA41F0034C332 /* member_diamond@2x.png */ = {isa = PBXFileReference; lastKnownFileType = image.png; name = "member_diamond@2x.png"; path = "imgs/个人/归档/member_diamond@2x.png"; sourceTree = "<group>"; };
		383654C81E8CA41F0034C332 /* member_diamond@3x.png */ = {isa = PBXFileReference; lastKnownFileType = image.png; name = "member_diamond@3x.png"; path = "imgs/个人/归档/member_diamond@3x.png"; sourceTree = "<group>"; };
		383654C91E8CA41F0034C332 /* member_gold.png */ = {isa = PBXFileReference; lastKnownFileType = image.png; name = member_gold.png; path = "imgs/个人/归档/member_gold.png"; sourceTree = "<group>"; };
		383654CA1E8CA41F0034C332 /* member_gold@2x.png */ = {isa = PBXFileReference; lastKnownFileType = image.png; name = "member_gold@2x.png"; path = "imgs/个人/归档/member_gold@2x.png"; sourceTree = "<group>"; };
		383654CB1E8CA41F0034C332 /* member_gold@3x.png */ = {isa = PBXFileReference; lastKnownFileType = image.png; name = "member_gold@3x.png"; path = "imgs/个人/归档/member_gold@3x.png"; sourceTree = "<group>"; };
		383654CC1E8CA41F0034C332 /* member_register.png */ = {isa = PBXFileReference; lastKnownFileType = image.png; name = member_register.png; path = "imgs/个人/归档/member_register.png"; sourceTree = "<group>"; };
		383654CD1E8CA41F0034C332 /* member_register@2x.png */ = {isa = PBXFileReference; lastKnownFileType = image.png; name = "member_register@2x.png"; path = "imgs/个人/归档/member_register@2x.png"; sourceTree = "<group>"; };
		383654CE1E8CA41F0034C332 /* member_register@3x.png */ = {isa = PBXFileReference; lastKnownFileType = image.png; name = "member_register@3x.png"; path = "imgs/个人/归档/member_register@3x.png"; sourceTree = "<group>"; };
		383654CF1E8CA41F0034C332 /* member_silver.png */ = {isa = PBXFileReference; lastKnownFileType = image.png; name = member_silver.png; path = "imgs/个人/归档/member_silver.png"; sourceTree = "<group>"; };
		383654D01E8CA41F0034C332 /* member_silver@2x.png */ = {isa = PBXFileReference; lastKnownFileType = image.png; name = "member_silver@2x.png"; path = "imgs/个人/归档/member_silver@2x.png"; sourceTree = "<group>"; };
		383654D11E8CA41F0034C332 /* member_silver@3x.png */ = {isa = PBXFileReference; lastKnownFileType = image.png; name = "member_silver@3x.png"; path = "imgs/个人/归档/member_silver@3x.png"; sourceTree = "<group>"; };
		383654D21E8CA41F0034C332 /* pic_portrait.png */ = {isa = PBXFileReference; lastKnownFileType = image.png; name = pic_portrait.png; path = "imgs/个人/归档/pic_portrait.png"; sourceTree = "<group>"; };
		383654D31E8CA41F0034C332 /* pic_portrait@2x.png */ = {isa = PBXFileReference; lastKnownFileType = image.png; name = "pic_portrait@2x.png"; path = "imgs/个人/归档/pic_portrait@2x.png"; sourceTree = "<group>"; };
		383654D41E8CA41F0034C332 /* pic_portrait@3x.png */ = {isa = PBXFileReference; lastKnownFileType = image.png; name = "pic_portrait@3x.png"; path = "imgs/个人/归档/pic_portrait@3x.png"; sourceTree = "<group>"; };
		38B64C741E89392C0085A09B /* PrefixHeader.pch */ = {isa = PBXFileReference; fileEncoding = 4; lastKnownFileType = sourcecode.c.h; path = PrefixHeader.pch; sourceTree = "<group>"; };
		38BD10A01E8A377000028255 /* icon_cart_s@2x.png */ = {isa = PBXFileReference; lastKnownFileType = image.png; name = "icon_cart_s@2x.png"; path = "imgs/首页/icon_cart_s@2x.png"; sourceTree = "<group>"; };
		38BD10A11E8A377000028255 /* icon_cart_s@3x.png */ = {isa = PBXFileReference; lastKnownFileType = image.png; name = "icon_cart_s@3x.png"; path = "imgs/首页/icon_cart_s@3x.png"; sourceTree = "<group>"; };
		38BD10A21E8A377000028255 /* icon_cart.png */ = {isa = PBXFileReference; lastKnownFileType = image.png; name = icon_cart.png; path = "imgs/首页/icon_cart.png"; sourceTree = "<group>"; };
		38BD10A31E8A377000028255 /* icon_cart@2x.png */ = {isa = PBXFileReference; lastKnownFileType = image.png; name = "icon_cart@2x.png"; path = "imgs/首页/icon_cart@2x.png"; sourceTree = "<group>"; };
		38BD10A41E8A377000028255 /* icon_cart@3x.png */ = {isa = PBXFileReference; lastKnownFileType = image.png; name = "icon_cart@3x.png"; path = "imgs/首页/icon_cart@3x.png"; sourceTree = "<group>"; };
		38BD10A51E8A377000028255 /* icon_classify_s.png */ = {isa = PBXFileReference; lastKnownFileType = image.png; name = icon_classify_s.png; path = "imgs/首页/icon_classify_s.png"; sourceTree = "<group>"; };
		38BD10A61E8A377000028255 /* icon_classify_s@2x.png */ = {isa = PBXFileReference; lastKnownFileType = image.png; name = "icon_classify_s@2x.png"; path = "imgs/首页/icon_classify_s@2x.png"; sourceTree = "<group>"; };
		38BD10A71E8A377000028255 /* icon_classify_s@3x.png */ = {isa = PBXFileReference; lastKnownFileType = image.png; name = "icon_classify_s@3x.png"; path = "imgs/首页/icon_classify_s@3x.png"; sourceTree = "<group>"; };
		38BD10A81E8A377000028255 /* icon_classify.png */ = {isa = PBXFileReference; lastKnownFileType = image.png; name = icon_classify.png; path = "imgs/首页/icon_classify.png"; sourceTree = "<group>"; };
		38BD10A91E8A377000028255 /* icon_classify@2x.png */ = {isa = PBXFileReference; lastKnownFileType = image.png; name = "icon_classify@2x.png"; path = "imgs/首页/icon_classify@2x.png"; sourceTree = "<group>"; };
		38BD10AA1E8A377000028255 /* icon_classify@3x.png */ = {isa = PBXFileReference; lastKnownFileType = image.png; name = "icon_classify@3x.png"; path = "imgs/首页/icon_classify@3x.png"; sourceTree = "<group>"; };
		38BD10AB1E8A377000028255 /* icon_gfm_s.png */ = {isa = PBXFileReference; lastKnownFileType = image.png; name = icon_gfm_s.png; path = "imgs/首页/icon_gfm_s.png"; sourceTree = "<group>"; };
		38BD10AC1E8A377000028255 /* icon_gfm_s@2x.png */ = {isa = PBXFileReference; lastKnownFileType = image.png; name = "icon_gfm_s@2x.png"; path = "imgs/首页/icon_gfm_s@2x.png"; sourceTree = "<group>"; };
		38BD10AD1E8A377000028255 /* icon_gfm_s@3x.png */ = {isa = PBXFileReference; lastKnownFileType = image.png; name = "icon_gfm_s@3x.png"; path = "imgs/首页/icon_gfm_s@3x.png"; sourceTree = "<group>"; };
		38BD10AE1E8A377000028255 /* icon_gfm.png */ = {isa = PBXFileReference; lastKnownFileType = image.png; name = icon_gfm.png; path = "imgs/首页/icon_gfm.png"; sourceTree = "<group>"; };
		38BD10AF1E8A377000028255 /* icon_gfm@2x.png */ = {isa = PBXFileReference; lastKnownFileType = image.png; name = "icon_gfm@2x.png"; path = "imgs/首页/icon_gfm@2x.png"; sourceTree = "<group>"; };
		38BD10B01E8A377000028255 /* icon_gfm@3x.png */ = {isa = PBXFileReference; lastKnownFileType = image.png; name = "icon_gfm@3x.png"; path = "imgs/首页/icon_gfm@3x.png"; sourceTree = "<group>"; };
		38BD10B11E8A377000028255 /* icon_home_s.png */ = {isa = PBXFileReference; lastKnownFileType = image.png; name = icon_home_s.png; path = "imgs/首页/icon_home_s.png"; sourceTree = "<group>"; };
		38BD10B21E8A377000028255 /* icon_home_s@2x.png */ = {isa = PBXFileReference; lastKnownFileType = image.png; name = "icon_home_s@2x.png"; path = "imgs/首页/icon_home_s@2x.png"; sourceTree = "<group>"; };
		38BD10B31E8A377000028255 /* icon_home_s@3x.png */ = {isa = PBXFileReference; lastKnownFileType = image.png; name = "icon_home_s@3x.png"; path = "imgs/首页/icon_home_s@3x.png"; sourceTree = "<group>"; };
		38BD10B41E8A377000028255 /* icon_home.png */ = {isa = PBXFileReference; lastKnownFileType = image.png; name = icon_home.png; path = "imgs/首页/icon_home.png"; sourceTree = "<group>"; };
		38BD10B51E8A377000028255 /* icon_home@2x.png */ = {isa = PBXFileReference; lastKnownFileType = image.png; name = "icon_home@2x.png"; path = "imgs/首页/icon_home@2x.png"; sourceTree = "<group>"; };
		38BD10B61E8A377000028255 /* icon_home@3x.png */ = {isa = PBXFileReference; lastKnownFileType = image.png; name = "icon_home@3x.png"; path = "imgs/首页/icon_home@3x.png"; sourceTree = "<group>"; };
		38BD10B71E8A377000028255 /* icon_mine_s.png */ = {isa = PBXFileReference; lastKnownFileType = image.png; name = icon_mine_s.png; path = "imgs/首页/icon_mine_s.png"; sourceTree = "<group>"; };
		38BD10B81E8A377000028255 /* icon_mine_s@2x.png */ = {isa = PBXFileReference; lastKnownFileType = image.png; name = "icon_mine_s@2x.png"; path = "imgs/首页/icon_mine_s@2x.png"; sourceTree = "<group>"; };
		38BD10B91E8A377000028255 /* icon_mine_s@3x.png */ = {isa = PBXFileReference; lastKnownFileType = image.png; name = "icon_mine_s@3x.png"; path = "imgs/首页/icon_mine_s@3x.png"; sourceTree = "<group>"; };
		38BD10BA1E8A377000028255 /* icon_mine.png */ = {isa = PBXFileReference; lastKnownFileType = image.png; name = icon_mine.png; path = "imgs/首页/icon_mine.png"; sourceTree = "<group>"; };
		38BD10BB1E8A377000028255 /* icon_mine@2x.png */ = {isa = PBXFileReference; lastKnownFileType = image.png; name = "icon_mine@2x.png"; path = "imgs/首页/icon_mine@2x.png"; sourceTree = "<group>"; };
		38BD10BC1E8A377000028255 /* icon_mine@3x.png */ = {isa = PBXFileReference; lastKnownFileType = image.png; name = "icon_mine@3x.png"; path = "imgs/首页/icon_mine@3x.png"; sourceTree = "<group>"; };
		38BD10BD1E8A377000028255 /* icon_news.png */ = {isa = PBXFileReference; lastKnownFileType = image.png; name = icon_news.png; path = "imgs/首页/icon_news.png"; sourceTree = "<group>"; };
		38BD10BE1E8A377000028255 /* icon_news@2x.png */ = {isa = PBXFileReference; lastKnownFileType = image.png; name = "icon_news@2x.png"; path = "imgs/首页/icon_news@2x.png"; sourceTree = "<group>"; };
		38BD10BF1E8A377000028255 /* icon_news@3x.png */ = {isa = PBXFileReference; lastKnownFileType = image.png; name = "icon_news@3x.png"; path = "imgs/首页/icon_news@3x.png"; sourceTree = "<group>"; };
		38BD10C01E8A377000028255 /* icon_search.png */ = {isa = PBXFileReference; lastKnownFileType = image.png; name = icon_search.png; path = "imgs/首页/icon_search.png"; sourceTree = "<group>"; };
		38BD10C11E8A377000028255 /* icon_search@2x.png */ = {isa = PBXFileReference; lastKnownFileType = image.png; name = "icon_search@2x.png"; path = "imgs/首页/icon_search@2x.png"; sourceTree = "<group>"; };
		38BD10C21E8A377000028255 /* icon_search@3x.png */ = {isa = PBXFileReference; lastKnownFileType = image.png; name = "icon_search@3x.png"; path = "imgs/首页/icon_search@3x.png"; sourceTree = "<group>"; };
		38BD10C31E8A377000028255 /* logo.png */ = {isa = PBXFileReference; lastKnownFileType = image.png; name = logo.png; path = "imgs/首页/logo.png"; sourceTree = "<group>"; };
		38BD10C41E8A377000028255 /* logo@2x.png */ = {isa = PBXFileReference; lastKnownFileType = image.png; name = "logo@2x.png"; path = "imgs/首页/logo@2x.png"; sourceTree = "<group>"; };
		38BD10C51E8A377000028255 /* logo@3x.png */ = {isa = PBXFileReference; lastKnownFileType = image.png; name = "logo@3x.png"; path = "imgs/首页/logo@3x.png"; sourceTree = "<group>"; };
		38BD10C61E8A377000028255 /* lunbo_red.png */ = {isa = PBXFileReference; lastKnownFileType = image.png; name = lunbo_red.png; path = "imgs/首页/lunbo_red.png"; sourceTree = "<group>"; };
		38BD10C71E8A377000028255 /* lunbo_red@2x.png */ = {isa = PBXFileReference; lastKnownFileType = image.png; name = "lunbo_red@2x.png"; path = "imgs/首页/lunbo_red@2x.png"; sourceTree = "<group>"; };
		38BD10C81E8A377000028255 /* lunbo_red@3x.png */ = {isa = PBXFileReference; lastKnownFileType = image.png; name = "lunbo_red@3x.png"; path = "imgs/首页/lunbo_red@3x.png"; sourceTree = "<group>"; };
		38BD10C91E8A377000028255 /* lunbo_white.png */ = {isa = PBXFileReference; lastKnownFileType = image.png; name = lunbo_white.png; path = "imgs/首页/lunbo_white.png"; sourceTree = "<group>"; };
		38BD10CA1E8A377000028255 /* lunbo_white@2x.png */ = {isa = PBXFileReference; lastKnownFileType = image.png; name = "lunbo_white@2x.png"; path = "imgs/首页/lunbo_white@2x.png"; sourceTree = "<group>"; };
		38BD10CB1E8A377000028255 /* lunbo_white@3x.png */ = {isa = PBXFileReference; lastKnownFileType = image.png; name = "lunbo_white@3x.png"; path = "imgs/首页/lunbo_white@3x.png"; sourceTree = "<group>"; };
		38BD10CC1E8A377000028255 /* search_bg.png */ = {isa = PBXFileReference; lastKnownFileType = image.png; name = search_bg.png; path = "imgs/首页/search_bg.png"; sourceTree = "<group>"; };
		38BD10CD1E8A377000028255 /* search_bg@2x.png */ = {isa = PBXFileReference; lastKnownFileType = image.png; name = "search_bg@2x.png"; path = "imgs/首页/search_bg@2x.png"; sourceTree = "<group>"; };
		38BD10CE1E8A377000028255 /* search_bg@3x.png */ = {isa = PBXFileReference; lastKnownFileType = image.png; name = "search_bg@3x.png"; path = "imgs/首页/search_bg@3x.png"; sourceTree = "<group>"; };
		38BD10FE1E8A42B900028255 /* HomeCell.h */ = {isa = PBXFileReference; fileEncoding = 4; lastKnownFileType = sourcecode.c.h; path = HomeCell.h; sourceTree = "<group>"; };
		38BD10FF1E8A42B900028255 /* HomeCell.m */ = {isa = PBXFileReference; fileEncoding = 4; lastKnownFileType = sourcecode.c.objc; path = HomeCell.m; sourceTree = "<group>"; };
		38BD11011E8A46EF00028255 /* NULLCell.h */ = {isa = PBXFileReference; fileEncoding = 4; lastKnownFileType = sourcecode.c.h; path = NULLCell.h; sourceTree = "<group>"; };
		38BD11021E8A46EF00028255 /* NULLCell.m */ = {isa = PBXFileReference; fileEncoding = 4; lastKnownFileType = sourcecode.c.objc; path = NULLCell.m; sourceTree = "<group>"; };
		38BD11051E8A52FB00028255 /* zh-Hans */ = {isa = PBXFileReference; lastKnownFileType = text.plist.strings; name = "zh-Hans"; path = "zh-Hans.lproj/Main.strings"; sourceTree = "<group>"; };
		38BD11061E8A52FB00028255 /* zh-Hans */ = {isa = PBXFileReference; lastKnownFileType = text.plist.strings; name = "zh-Hans"; path = "zh-Hans.lproj/LaunchScreen.strings"; sourceTree = "<group>"; };
		38BD123B1E8A6F4300028255 /* en */ = {isa = PBXFileReference; lastKnownFileType = text.plist.strings; name = en; path = en.lproj/Localizable.strings; sourceTree = "<group>"; };
		38BD123D1E8A6F4500028255 /* zh-Hans */ = {isa = PBXFileReference; lastKnownFileType = text.plist.strings; name = "zh-Hans"; path = "zh-Hans.lproj/Localizable.strings"; sourceTree = "<group>"; };
		38BD123E1E8A6FAA00028255 /* zh-Hant */ = {isa = PBXFileReference; lastKnownFileType = text.plist.strings; name = "zh-Hant"; path = "zh-Hant.lproj/Main.strings"; sourceTree = "<group>"; };
		38BD123F1E8A6FAA00028255 /* zh-Hant */ = {isa = PBXFileReference; lastKnownFileType = text.plist.strings; name = "zh-Hant"; path = "zh-Hant.lproj/LaunchScreen.strings"; sourceTree = "<group>"; };
		38BD12401E8A6FAA00028255 /* zh-Hant */ = {isa = PBXFileReference; lastKnownFileType = text.plist.strings; name = "zh-Hant"; path = "zh-Hant.lproj/Localizable.strings"; sourceTree = "<group>"; };
		38BD12441E8A829900028255 /* en */ = {isa = PBXFileReference; lastKnownFileType = text.plist.strings; name = en; path = en.lproj/InfoPlist.strings; sourceTree = "<group>"; };
		38BD12461E8A829B00028255 /* zh-Hans */ = {isa = PBXFileReference; lastKnownFileType = text.plist.strings; name = "zh-Hans"; path = "zh-Hans.lproj/InfoPlist.strings"; sourceTree = "<group>"; };
		38BD12471E8A829D00028255 /* zh-Hant */ = {isa = PBXFileReference; lastKnownFileType = text.plist.strings; name = "zh-Hant"; path = "zh-Hant.lproj/InfoPlist.strings"; sourceTree = "<group>"; };
		38C9DC861E88BF5F00F231B0 /* GFreemall.app */ = {isa = PBXFileReference; explicitFileType = wrapper.application; includeInIndex = 0; path = GFreemall.app; sourceTree = BUILT_PRODUCTS_DIR; };
		38C9DC8A1E88BF5F00F231B0 /* main.m */ = {isa = PBXFileReference; lastKnownFileType = sourcecode.c.objc; path = main.m; sourceTree = "<group>"; };
		38C9DC8C1E88BF5F00F231B0 /* AppDelegate.h */ = {isa = PBXFileReference; lastKnownFileType = sourcecode.c.h; path = AppDelegate.h; sourceTree = "<group>"; };
		38C9DC8D1E88BF5F00F231B0 /* AppDelegate.m */ = {isa = PBXFileReference; lastKnownFileType = sourcecode.c.objc; path = AppDelegate.m; sourceTree = "<group>"; };
		38C9DC8F1E88BF5F00F231B0 /* ViewController.h */ = {isa = PBXFileReference; lastKnownFileType = sourcecode.c.h; path = ViewController.h; sourceTree = "<group>"; };
		38C9DC901E88BF5F00F231B0 /* ViewController.m */ = {isa = PBXFileReference; lastKnownFileType = sourcecode.c.objc; path = ViewController.m; sourceTree = "<group>"; };
		38C9DC931E88BF5F00F231B0 /* Base */ = {isa = PBXFileReference; lastKnownFileType = file.storyboard; name = Base; path = Base.lproj/Main.storyboard; sourceTree = "<group>"; };
		38C9DC951E88BF5F00F231B0 /* Assets.xcassets */ = {isa = PBXFileReference; lastKnownFileType = folder.assetcatalog; path = Assets.xcassets; sourceTree = "<group>"; };
		38C9DC981E88BF5F00F231B0 /* Base */ = {isa = PBXFileReference; lastKnownFileType = file.storyboard; name = Base; path = Base.lproj/LaunchScreen.storyboard; sourceTree = "<group>"; };
		38C9DC9A1E88BF5F00F231B0 /* Info.plist */ = {isa = PBXFileReference; lastKnownFileType = text.plist.xml; path = Info.plist; sourceTree = "<group>"; };
		38C9DC9F1E88BF5F00F231B0 /* GFreemallTests.xctest */ = {isa = PBXFileReference; explicitFileType = wrapper.cfbundle; includeInIndex = 0; path = GFreemallTests.xctest; sourceTree = BUILT_PRODUCTS_DIR; };
		38C9DCA31E88BF5F00F231B0 /* GFreemallTests.m */ = {isa = PBXFileReference; lastKnownFileType = sourcecode.c.objc; path = GFreemallTests.m; sourceTree = "<group>"; };
		38C9DCA51E88BF5F00F231B0 /* Info.plist */ = {isa = PBXFileReference; lastKnownFileType = text.plist.xml; path = Info.plist; sourceTree = "<group>"; };
		38C9DCAA1E88BF5F00F231B0 /* GFreemallUITests.xctest */ = {isa = PBXFileReference; explicitFileType = wrapper.cfbundle; includeInIndex = 0; path = GFreemallUITests.xctest; sourceTree = BUILT_PRODUCTS_DIR; };
		38C9DCAE1E88BF5F00F231B0 /* GFreemallUITests.m */ = {isa = PBXFileReference; lastKnownFileType = sourcecode.c.objc; path = GFreemallUITests.m; sourceTree = "<group>"; };
		38C9DCB01E88BF5F00F231B0 /* Info.plist */ = {isa = PBXFileReference; lastKnownFileType = text.plist.xml; path = Info.plist; sourceTree = "<group>"; };
		38C9DCBD1E89006000F231B0 /* SingletonClass.h */ = {isa = PBXFileReference; fileEncoding = 4; lastKnownFileType = sourcecode.c.h; path = SingletonClass.h; sourceTree = "<group>"; };
		38C9DCBE1E89006000F231B0 /* SingletonClass.m */ = {isa = PBXFileReference; fileEncoding = 4; lastKnownFileType = sourcecode.c.objc; path = SingletonClass.m; sourceTree = "<group>"; };
		38C9DCC01E89009F00F231B0 /* TheParentClass.h */ = {isa = PBXFileReference; fileEncoding = 4; lastKnownFileType = sourcecode.c.h; path = TheParentClass.h; sourceTree = "<group>"; };
		38C9DCC11E89009F00F231B0 /* TheParentClass.m */ = {isa = PBXFileReference; fileEncoding = 4; lastKnownFileType = sourcecode.c.objc; path = TheParentClass.m; sourceTree = "<group>"; };
		38C9DCC41E89012A00F231B0 /* HomeViewController.h */ = {isa = PBXFileReference; fileEncoding = 4; lastKnownFileType = sourcecode.c.h; path = HomeViewController.h; sourceTree = "<group>"; };
		38C9DCC51E89012A00F231B0 /* HomeViewController.m */ = {isa = PBXFileReference; fileEncoding = 4; lastKnownFileType = sourcecode.c.objc; path = HomeViewController.m; sourceTree = "<group>"; };
		38C9DCC81E89018400F231B0 /* ClassificationViewController.h */ = {isa = PBXFileReference; fileEncoding = 4; lastKnownFileType = sourcecode.c.h; path = ClassificationViewController.h; sourceTree = "<group>"; };
		38C9DCC91E89018400F231B0 /* ClassificationViewController.m */ = {isa = PBXFileReference; fileEncoding = 4; lastKnownFileType = sourcecode.c.objc; path = ClassificationViewController.m; sourceTree = "<group>"; };
		38C9DCCC1E8901C300F231B0 /* GFMViewController.h */ = {isa = PBXFileReference; fileEncoding = 4; lastKnownFileType = sourcecode.c.h; path = GFMViewController.h; sourceTree = "<group>"; };
		38C9DCCD1E8901C300F231B0 /* GFMViewController.m */ = {isa = PBXFileReference; fileEncoding = 4; lastKnownFileType = sourcecode.c.objc; path = GFMViewController.m; sourceTree = "<group>"; };
		38C9DCD01E8901FD00F231B0 /* ShoppingCartViewController.h */ = {isa = PBXFileReference; fileEncoding = 4; lastKnownFileType = sourcecode.c.h; path = ShoppingCartViewController.h; sourceTree = "<group>"; };
		38C9DCD11E8901FD00F231B0 /* ShoppingCartViewController.m */ = {isa = PBXFileReference; fileEncoding = 4; lastKnownFileType = sourcecode.c.objc; path = ShoppingCartViewController.m; sourceTree = "<group>"; };
		38C9DCD41E89021600F231B0 /* MyViewController.h */ = {isa = PBXFileReference; fileEncoding = 4; lastKnownFileType = sourcecode.c.h; path = MyViewController.h; sourceTree = "<group>"; };
		38C9DCD51E89021600F231B0 /* MyViewController.m */ = {isa = PBXFileReference; fileEncoding = 4; lastKnownFileType = sourcecode.c.objc; path = MyViewController.m; sourceTree = "<group>"; };
		3CAC99031124F58E22E45701 /* Pods-GFreemall.debug.xcconfig */ = {isa = PBXFileReference; includeInIndex = 1; lastKnownFileType = text.xcconfig; name = "Pods-GFreemall.debug.xcconfig"; path = "Pods/Target Support Files/Pods-GFreemall/Pods-GFreemall.debug.xcconfig"; sourceTree = "<group>"; };
/* End PBXFileReference section */

/* Begin PBXFrameworksBuildPhase section */
		38C9DC831E88BF5F00F231B0 /* Frameworks */ = {
			isa = PBXFrameworksBuildPhase;
			buildActionMask = 2147483647;
			files = (
				01E7FF9319AECBA3198CF8D6 /* libPods-GFreemall.a in Frameworks */,
			);
			runOnlyForDeploymentPostprocessing = 0;
		};
		38C9DC9C1E88BF5F00F231B0 /* Frameworks */ = {
			isa = PBXFrameworksBuildPhase;
			buildActionMask = 2147483647;
			files = (
			);
			runOnlyForDeploymentPostprocessing = 0;
		};
		38C9DCA71E88BF5F00F231B0 /* Frameworks */ = {
			isa = PBXFrameworksBuildPhase;
			buildActionMask = 2147483647;
			files = (
			);
			runOnlyForDeploymentPostprocessing = 0;
		};
/* End PBXFrameworksBuildPhase section */

/* Begin PBXGroup section */
		3818ADAA1E8B403A00CA2FB6 /* 自定义属性 */ = {
			isa = PBXGroup;
			children = (
				3818ADAB1E8B406700CA2FB6 /* MyButton.h */,
				3818ADAC1E8B406700CA2FB6 /* MyButton.m */,
				3818ADAE1E8B4C4300CA2FB6 /* MyView.h */,
				3818ADAF1E8B4C4300CA2FB6 /* MyView.m */,
			);
			name = "自定义属性";
			sourceTree = "<group>";
		};
		3836549E1E8CA3E00034C332 /* 个人 */ = {
			isa = PBXGroup;
			children = (
				3836549F1E8CA41F0034C332 /* bg.png */,
				383654A01E8CA41F0034C332 /* bg@2x.png */,
				383654A11E8CA41F0034C332 /* bg@3x.png */,
				383654A21E8CA41F0034C332 /* icon_address.png */,
				383654A31E8CA41F0034C332 /* icon_address@2x.png */,
				383654A41E8CA41F0034C332 /* icon_address@3x.png */,
				383654A51E8CA41F0034C332 /* icon_collect.png */,
				383654A61E8CA41F0034C332 /* icon_collect@2x.png */,
				383654A71E8CA41F0034C332 /* icon_collect@3x.png */,
				383654A81E8CA41F0034C332 /* icon_comment.png */,
				383654A91E8CA41F0034C332 /* icon_comment@2x.png */,
				383654AA1E8CA41F0034C332 /* icon_comment@3x.png */,
				383654AB1E8CA41F0034C332 /* icon_complete.png */,
				383654AC1E8CA41F0034C332 /* icon_complete@2x.png */,
				383654AD1E8CA41F0034C332 /* icon_complete@3x.png */,
				383654AE1E8CA41F0034C332 /* icon_goods.png */,
				383654AF1E8CA41F0034C332 /* icon_goods@2x.png */,
				383654B01E8CA41F0034C332 /* icon_goods@3x.png */,
				383654B11E8CA41F0034C332 /* icon_information.png */,
				383654B21E8CA41F0034C332 /* icon_information@2x.png */,
				383654B31E8CA41F0034C332 /* icon_information@3x.png */,
				383654B41E8CA41F0034C332 /* icon_mews.png */,
				383654B51E8CA41F0034C332 /* icon_mews@2x.png */,
				383654B61E8CA41F0034C332 /* icon_mews@3x.png */,
				383654B71E8CA41F0034C332 /* icon_pay.png */,
				383654B81E8CA41F0034C332 /* icon_pay@2x.png */,
				383654B91E8CA41F0034C332 /* icon_pay@3x.png */,
				383654BA1E8CA41F0034C332 /* icon_right.png */,
				383654BB1E8CA41F0034C332 /* icon_right@2x.png */,
				383654BC1E8CA41F0034C332 /* icon_right@3x.png */,
				383654BD1E8CA41F0034C332 /* icon_setting.png */,
				383654BE1E8CA41F0034C332 /* icon_setting@2x.png */,
				383654BF1E8CA41F0034C332 /* icon_setting@3x.png */,
				383654C01E8CA41F0034C332 /* icon_wallete.png */,
				383654C11E8CA41F0034C332 /* icon_wallete@2x.png */,
				383654C21E8CA41F0034C332 /* icon_wallete@3x.png */,
				383654C31E8CA41F0034C332 /* member_copper.png */,
				383654C41E8CA41F0034C332 /* member_copper@2x.png */,
				383654C51E8CA41F0034C332 /* member_copper@3x.png */,
				383654C61E8CA41F0034C332 /* member_diamond.png */,
				383654C71E8CA41F0034C332 /* member_diamond@2x.png */,
				383654C81E8CA41F0034C332 /* member_diamond@3x.png */,
				383654C91E8CA41F0034C332 /* member_gold.png */,
				383654CA1E8CA41F0034C332 /* member_gold@2x.png */,
				383654CB1E8CA41F0034C332 /* member_gold@3x.png */,
				383654CC1E8CA41F0034C332 /* member_register.png */,
				383654CD1E8CA41F0034C332 /* member_register@2x.png */,
				383654CE1E8CA41F0034C332 /* member_register@3x.png */,
				383654CF1E8CA41F0034C332 /* member_silver.png */,
				383654D01E8CA41F0034C332 /* member_silver@2x.png */,
				383654D11E8CA41F0034C332 /* member_silver@3x.png */,
				383654D21E8CA41F0034C332 /* pic_portrait.png */,
				383654D31E8CA41F0034C332 /* pic_portrait@2x.png */,
				383654D41E8CA41F0034C332 /* pic_portrait@3x.png */,
			);
			name = "个人";
			sourceTree = "<group>";
		};
		38BD103E1E8A124000028255 /* images */ = {
			isa = PBXGroup;
			children = (
				3836549E1E8CA3E00034C332 /* 个人 */,
				38BD109F1E8A375300028255 /* 首页imgs */,
			);
			name = images;
			sourceTree = "<group>";
		};
		38BD109F1E8A375300028255 /* 首页imgs */ = {
			isa = PBXGroup;
			children = (
				38BD10A01E8A377000028255 /* icon_cart_s@2x.png */,
				38BD10A11E8A377000028255 /* icon_cart_s@3x.png */,
				38BD10A21E8A377000028255 /* icon_cart.png */,
				38BD10A31E8A377000028255 /* icon_cart@2x.png */,
				38BD10A41E8A377000028255 /* icon_cart@3x.png */,
				38BD10A51E8A377000028255 /* icon_classify_s.png */,
				38BD10A61E8A377000028255 /* icon_classify_s@2x.png */,
				38BD10A71E8A377000028255 /* icon_classify_s@3x.png */,
				38BD10A81E8A377000028255 /* icon_classify.png */,
				38BD10A91E8A377000028255 /* icon_classify@2x.png */,
				38BD10AA1E8A377000028255 /* icon_classify@3x.png */,
				38BD10AB1E8A377000028255 /* icon_gfm_s.png */,
				38BD10AC1E8A377000028255 /* icon_gfm_s@2x.png */,
				38BD10AD1E8A377000028255 /* icon_gfm_s@3x.png */,
				38BD10AE1E8A377000028255 /* icon_gfm.png */,
				38BD10AF1E8A377000028255 /* icon_gfm@2x.png */,
				38BD10B01E8A377000028255 /* icon_gfm@3x.png */,
				38BD10B11E8A377000028255 /* icon_home_s.png */,
				38BD10B21E8A377000028255 /* icon_home_s@2x.png */,
				38BD10B31E8A377000028255 /* icon_home_s@3x.png */,
				38BD10B41E8A377000028255 /* icon_home.png */,
				38BD10B51E8A377000028255 /* icon_home@2x.png */,
				38BD10B61E8A377000028255 /* icon_home@3x.png */,
				38BD10B71E8A377000028255 /* icon_mine_s.png */,
				38BD10B81E8A377000028255 /* icon_mine_s@2x.png */,
				38BD10B91E8A377000028255 /* icon_mine_s@3x.png */,
				38BD10BA1E8A377000028255 /* icon_mine.png */,
				38BD10BB1E8A377000028255 /* icon_mine@2x.png */,
				38BD10BC1E8A377000028255 /* icon_mine@3x.png */,
				38BD10BD1E8A377000028255 /* icon_news.png */,
				38BD10BE1E8A377000028255 /* icon_news@2x.png */,
				38BD10BF1E8A377000028255 /* icon_news@3x.png */,
				38BD10C01E8A377000028255 /* icon_search.png */,
				38BD10C11E8A377000028255 /* icon_search@2x.png */,
				38BD10C21E8A377000028255 /* icon_search@3x.png */,
				38BD10C31E8A377000028255 /* logo.png */,
				38BD10C41E8A377000028255 /* logo@2x.png */,
				38BD10C51E8A377000028255 /* logo@3x.png */,
				38BD10C61E8A377000028255 /* lunbo_red.png */,
				38BD10C71E8A377000028255 /* lunbo_red@2x.png */,
				38BD10C81E8A377000028255 /* lunbo_red@3x.png */,
				38BD10C91E8A377000028255 /* lunbo_white.png */,
				38BD10CA1E8A377000028255 /* lunbo_white@2x.png */,
				38BD10CB1E8A377000028255 /* lunbo_white@3x.png */,
				38BD10CC1E8A377000028255 /* search_bg.png */,
				38BD10CD1E8A377000028255 /* search_bg@2x.png */,
				38BD10CE1E8A377000028255 /* search_bg@3x.png */,
			);
			name = "首页imgs";
			sourceTree = "<group>";
		};
		38BD11041E8A4F5100028255 /* 国际化 */ = {
			isa = PBXGroup;
			children = (
				38BD123C1E8A6F4300028255 /* Localizable.strings */,
				38BD12451E8A829900028255 /* InfoPlist.strings */,
			);
			name = "国际化";
			sourceTree = "<group>";
		};
		38C9DC7D1E88BF5F00F231B0 = {
			isa = PBXGroup;
			children = (
				38C9DC881E88BF5F00F231B0 /* GFreemall */,
				38C9DCA21E88BF5F00F231B0 /* GFreemallTests */,
				38C9DCAD1E88BF5F00F231B0 /* GFreemallUITests */,
				38C9DC871E88BF5F00F231B0 /* Products */,
				7DDB9B46FEE7033A4C606595 /* Pods */,
				D62E94C45652529740C71570 /* Frameworks */,
			);
			sourceTree = "<group>";
		};
		38C9DC871E88BF5F00F231B0 /* Products */ = {
			isa = PBXGroup;
			children = (
				38C9DC861E88BF5F00F231B0 /* GFreemall.app */,
				38C9DC9F1E88BF5F00F231B0 /* GFreemallTests.xctest */,
				38C9DCAA1E88BF5F00F231B0 /* GFreemallUITests.xctest */,
			);
			name = Products;
			sourceTree = "<group>";
		};
		38C9DC881E88BF5F00F231B0 /* GFreemall */ = {
			isa = PBXGroup;
			children = (
				38B64C741E89392C0085A09B /* PrefixHeader.pch */,
				38C9DC8C1E88BF5F00F231B0 /* AppDelegate.h */,
				38C9DC8D1E88BF5F00F231B0 /* AppDelegate.m */,
				38C9DC8F1E88BF5F00F231B0 /* ViewController.h */,
				38C9DC901E88BF5F00F231B0 /* ViewController.m */,
				38C9DCBD1E89006000F231B0 /* SingletonClass.h */,
				38C9DCBE1E89006000F231B0 /* SingletonClass.m */,
				38C9DCC01E89009F00F231B0 /* TheParentClass.h */,
				38C9DCC11E89009F00F231B0 /* TheParentClass.m */,
				3818ADAA1E8B403A00CA2FB6 /* 自定义属性 */,
				38C9DCC31E8900F700F231B0 /* 首页 */,
				38C9DCC71E89014A00F231B0 /* 分类 */,
				38C9DCCB1E89019800F231B0 /* GFM */,
				38C9DCCF1E8901E100F231B0 /* 购物车 */,
				38C9DCD31E89020300F231B0 /* 个人 */,
				38BD103E1E8A124000028255 /* images */,
				38BD11041E8A4F5100028255 /* 国际化 */,
				38C9DC921E88BF5F00F231B0 /* Main.storyboard */,
				38C9DC951E88BF5F00F231B0 /* Assets.xcassets */,
				38C9DC971E88BF5F00F231B0 /* LaunchScreen.storyboard */,
				38C9DC9A1E88BF5F00F231B0 /* Info.plist */,
				38C9DC891E88BF5F00F231B0 /* Supporting Files */,
			);
			path = GFreemall;
			sourceTree = "<group>";
		};
		38C9DC891E88BF5F00F231B0 /* Supporting Files */ = {
			isa = PBXGroup;
			children = (
				38C9DC8A1E88BF5F00F231B0 /* main.m */,
			);
			name = "Supporting Files";
			sourceTree = "<group>";
		};
		38C9DCA21E88BF5F00F231B0 /* GFreemallTests */ = {
			isa = PBXGroup;
			children = (
				38C9DCA31E88BF5F00F231B0 /* GFreemallTests.m */,
				38C9DCA51E88BF5F00F231B0 /* Info.plist */,
			);
			path = GFreemallTests;
			sourceTree = "<group>";
		};
		38C9DCAD1E88BF5F00F231B0 /* GFreemallUITests */ = {
			isa = PBXGroup;
			children = (
				38C9DCAE1E88BF5F00F231B0 /* GFreemallUITests.m */,
				38C9DCB01E88BF5F00F231B0 /* Info.plist */,
			);
			path = GFreemallUITests;
			sourceTree = "<group>";
		};
		38C9DCC31E8900F700F231B0 /* 首页 */ = {
			isa = PBXGroup;
			children = (
				38C9DCC41E89012A00F231B0 /* HomeViewController.h */,
				38C9DCC51E89012A00F231B0 /* HomeViewController.m */,
				38BD10FE1E8A42B900028255 /* HomeCell.h */,
				38BD10FF1E8A42B900028255 /* HomeCell.m */,
				3818ADA71E8B3FC100CA2FB6 /* ScrollViewCell.h */,
				3818ADA81E8B3FC100CA2FB6 /* ScrollViewCell.m */,
				3818ADB11E8B4EE200CA2FB6 /* ThreePictureCell.h */,
				3818ADB21E8B4EE200CA2FB6 /* ThreePictureCell.m */,
				3818ADB41E8B5EDC00CA2FB6 /* ImageCell.h */,
				3818ADB51E8B5EDC00CA2FB6 /* ImageCell.m */,
				3818ADB71E8B61B000CA2FB6 /* MoreAndMoreCell.h */,
				3818ADB81E8B61B000CA2FB6 /* MoreAndMoreCell.m */,
				38BD11011E8A46EF00028255 /* NULLCell.h */,
				38BD11021E8A46EF00028255 /* NULLCell.m */,
			);
			name = "首页";
			sourceTree = "<group>";
		};
		38C9DCC71E89014A00F231B0 /* 分类 */ = {
			isa = PBXGroup;
			children = (
				38C9DCC81E89018400F231B0 /* ClassificationViewController.h */,
				38C9DCC91E89018400F231B0 /* ClassificationViewController.m */,
				3836542B1E8C994B0034C332 /* BrandCell.h */,
				3836542C1E8C994B0034C332 /* BrandCell.m */,
				3818ADBD1E8BB23200CA2FB6 /* SearchListingsCollectionViewCell.h */,
				3818ADBE1E8BB23200CA2FB6 /* SearchListingsCollectionViewCell.m */,
				3818ADC01E8BB27D00CA2FB6 /* SearchListingsView.h */,
				3818ADC11E8BB27D00CA2FB6 /* SearchListingsView.m */,
				3818ADBA1E8BA71A00CA2FB6 /* ListCell.h */,
				3818ADBB1E8BA71A00CA2FB6 /* ListCell.m */,
			);
			name = "分类";
			sourceTree = "<group>";
		};
		38C9DCCB1E89019800F231B0 /* GFM */ = {
			isa = PBXGroup;
			children = (
				38C9DCCC1E8901C300F231B0 /* GFMViewController.h */,
				38C9DCCD1E8901C300F231B0 /* GFMViewController.m */,
			);
			name = GFM;
			sourceTree = "<group>";
		};
		38C9DCCF1E8901E100F231B0 /* 购物车 */ = {
			isa = PBXGroup;
			children = (
				38C9DCD01E8901FD00F231B0 /* ShoppingCartViewController.h */,
				38C9DCD11E8901FD00F231B0 /* ShoppingCartViewController.m */,
			);
			name = "购物车";
			sourceTree = "<group>";
		};
		38C9DCD31E89020300F231B0 /* 个人 */ = {
			isa = PBXGroup;
			children = (
				38C9DCD41E89021600F231B0 /* MyViewController.h */,
				38C9DCD51E89021600F231B0 /* MyViewController.m */,
				3836542E1E8CA2E10034C332 /* MyAllCell.h */,
				3836542F1E8CA2E10034C332 /* MyAllCell.m */,
			);
			name = "个人";
			sourceTree = "<group>";
		};
		7DDB9B46FEE7033A4C606595 /* Pods */ = {
			isa = PBXGroup;
			children = (
				3CAC99031124F58E22E45701 /* Pods-GFreemall.debug.xcconfig */,
				2975E64A1C59A326D2785033 /* Pods-GFreemall.release.xcconfig */,
			);
			name = Pods;
			sourceTree = "<group>";
		};
		D62E94C45652529740C71570 /* Frameworks */ = {
			isa = PBXGroup;
			children = (
				0C3C8AC7E101E843F9AACA7E /* libPods-GFreemall.a */,
			);
			name = Frameworks;
			sourceTree = "<group>";
		};
/* End PBXGroup section */

/* Begin PBXNativeTarget section */
		38C9DC851E88BF5F00F231B0 /* GFreemall */ = {
			isa = PBXNativeTarget;
			buildConfigurationList = 38C9DCB31E88BF5F00F231B0 /* Build configuration list for PBXNativeTarget "GFreemall" */;
			buildPhases = (
				24AEAD19F10960138D3D9F35 /* [CP] Check Pods Manifest.lock */,
				38C9DC821E88BF5F00F231B0 /* Sources */,
				38C9DC831E88BF5F00F231B0 /* Frameworks */,
				38C9DC841E88BF5F00F231B0 /* Resources */,
				198520BA9FEC15E5A60D65AB /* [CP] Embed Pods Frameworks */,
				1F95B9D038ABBC46F7B0F722 /* [CP] Copy Pods Resources */,
			);
			buildRules = (
			);
			dependencies = (
			);
			name = GFreemall;
			productName = GFreemall;
			productReference = 38C9DC861E88BF5F00F231B0 /* GFreemall.app */;
			productType = "com.apple.product-type.application";
		};
		38C9DC9E1E88BF5F00F231B0 /* GFreemallTests */ = {
			isa = PBXNativeTarget;
			buildConfigurationList = 38C9DCB61E88BF5F00F231B0 /* Build configuration list for PBXNativeTarget "GFreemallTests" */;
			buildPhases = (
				38C9DC9B1E88BF5F00F231B0 /* Sources */,
				38C9DC9C1E88BF5F00F231B0 /* Frameworks */,
				38C9DC9D1E88BF5F00F231B0 /* Resources */,
			);
			buildRules = (
			);
			dependencies = (
				38C9DCA11E88BF5F00F231B0 /* PBXTargetDependency */,
			);
			name = GFreemallTests;
			productName = GFreemallTests;
			productReference = 38C9DC9F1E88BF5F00F231B0 /* GFreemallTests.xctest */;
			productType = "com.apple.product-type.bundle.unit-test";
		};
		38C9DCA91E88BF5F00F231B0 /* GFreemallUITests */ = {
			isa = PBXNativeTarget;
			buildConfigurationList = 38C9DCB91E88BF5F00F231B0 /* Build configuration list for PBXNativeTarget "GFreemallUITests" */;
			buildPhases = (
				38C9DCA61E88BF5F00F231B0 /* Sources */,
				38C9DCA71E88BF5F00F231B0 /* Frameworks */,
				38C9DCA81E88BF5F00F231B0 /* Resources */,
			);
			buildRules = (
			);
			dependencies = (
				38C9DCAC1E88BF5F00F231B0 /* PBXTargetDependency */,
			);
			name = GFreemallUITests;
			productName = GFreemallUITests;
			productReference = 38C9DCAA1E88BF5F00F231B0 /* GFreemallUITests.xctest */;
			productType = "com.apple.product-type.bundle.ui-testing";
		};
/* End PBXNativeTarget section */

/* Begin PBXProject section */
		38C9DC7E1E88BF5F00F231B0 /* Project object */ = {
			isa = PBXProject;
			attributes = {
				LastUpgradeCheck = 0820;
				ORGANIZATIONNAME = MrHan;
				TargetAttributes = {
					38C9DC851E88BF5F00F231B0 = {
						CreatedOnToolsVersion = 8.2.1;
						ProvisioningStyle = Automatic;
					};
					38C9DC9E1E88BF5F00F231B0 = {
						CreatedOnToolsVersion = 8.2.1;
						ProvisioningStyle = Automatic;
						TestTargetID = 38C9DC851E88BF5F00F231B0;
					};
					38C9DCA91E88BF5F00F231B0 = {
						CreatedOnToolsVersion = 8.2.1;
						ProvisioningStyle = Automatic;
						TestTargetID = 38C9DC851E88BF5F00F231B0;
					};
				};
			};
			buildConfigurationList = 38C9DC811E88BF5F00F231B0 /* Build configuration list for PBXProject "GFreemall" */;
			compatibilityVersion = "Xcode 3.2";
			developmentRegion = English;
			hasScannedForEncodings = 0;
			knownRegions = (
				en,
				Base,
				"zh-Hans",
				"zh-Hant",
			);
			mainGroup = 38C9DC7D1E88BF5F00F231B0;
			productRefGroup = 38C9DC871E88BF5F00F231B0 /* Products */;
			projectDirPath = "";
			projectRoot = "";
			targets = (
				38C9DC851E88BF5F00F231B0 /* GFreemall */,
				38C9DC9E1E88BF5F00F231B0 /* GFreemallTests */,
				38C9DCA91E88BF5F00F231B0 /* GFreemallUITests */,
			);
		};
/* End PBXProject section */

/* Begin PBXResourcesBuildPhase section */
		38C9DC841E88BF5F00F231B0 /* Resources */ = {
			isa = PBXResourcesBuildPhase;
			buildActionMask = 2147483647;
			files = (
				38BD10E21E8A377000028255 /* icon_home_s@3x.png in Resources */,
				38BD10D31E8A377000028255 /* icon_cart@3x.png in Resources */,
				383654E21E8CA41F0034C332 /* icon_complete@2x.png in Resources */,
				38BD10E81E8A377000028255 /* icon_mine_s@3x.png in Resources */,
				38BD10DD1E8A377000028255 /* icon_gfm.png in Resources */,
				38C9DC991E88BF5F00F231B0 /* LaunchScreen.storyboard in Resources */,
				38BD10DB1E8A377000028255 /* icon_gfm_s@2x.png in Resources */,
				383655071E8CA41F0034C332 /* member_silver@3x.png in Resources */,
				383654F01E8CA41F0034C332 /* icon_right.png in Resources */,
				3836550A1E8CA41F0034C332 /* pic_portrait@3x.png in Resources */,
				38BD10E41E8A377000028255 /* icon_home@2x.png in Resources */,
				383654F21E8CA41F0034C332 /* icon_right@3x.png in Resources */,
				383654EE1E8CA41F0034C332 /* icon_pay@2x.png in Resources */,
				38BD10D81E8A377000028255 /* icon_classify@2x.png in Resources */,
				38BD10E61E8A377000028255 /* icon_mine_s.png in Resources */,
				383654DA1E8CA41F0034C332 /* icon_address@3x.png in Resources */,
				383654D71E8CA41F0034C332 /* bg@3x.png in Resources */,
				383654F11E8CA41F0034C332 /* icon_right@2x.png in Resources */,
				383654D61E8CA41F0034C332 /* bg@2x.png in Resources */,
				38BD10E91E8A377000028255 /* icon_mine.png in Resources */,
				383655011E8CA41F0034C332 /* member_gold@3x.png in Resources */,
				383654FE1E8CA41F0034C332 /* member_diamond@3x.png in Resources */,
				383654D51E8CA41F0034C332 /* bg.png in Resources */,
				383654F71E8CA41F0034C332 /* icon_wallete@2x.png in Resources */,
				38BD10FD1E8A377000028255 /* search_bg@3x.png in Resources */,
				38BD10E01E8A377000028255 /* icon_home_s.png in Resources */,
				38C9DC961E88BF5F00F231B0 /* Assets.xcassets in Resources */,
				383654F41E8CA41F0034C332 /* icon_setting@2x.png in Resources */,
				38BD10F71E8A377000028255 /* lunbo_red@3x.png in Resources */,
				383654D81E8CA41F0034C332 /* icon_address.png in Resources */,
				38BD10EE1E8A377000028255 /* icon_news@3x.png in Resources */,
				38BD10F41E8A377000028255 /* logo@3x.png in Resources */,
				38BD10EC1E8A377000028255 /* icon_news.png in Resources */,
				38BD10D11E8A377000028255 /* icon_cart.png in Resources */,
				38BD10E31E8A377000028255 /* icon_home.png in Resources */,
				38BD10F01E8A377000028255 /* icon_search@2x.png in Resources */,
				38BD10D01E8A377000028255 /* icon_cart_s@3x.png in Resources */,
				383654F91E8CA41F0034C332 /* member_copper.png in Resources */,
				383655091E8CA41F0034C332 /* pic_portrait@2x.png in Resources */,
				38C9DC941E88BF5F00F231B0 /* Main.storyboard in Resources */,
				38BD10DC1E8A377000028255 /* icon_gfm_s@3x.png in Resources */,
				383654E71E8CA41F0034C332 /* icon_information.png in Resources */,
				38BD10DA1E8A377000028255 /* icon_gfm_s.png in Resources */,
				383654F31E8CA41F0034C332 /* icon_setting.png in Resources */,
				38BD10E11E8A377000028255 /* icon_home_s@2x.png in Resources */,
				38BD10F11E8A377000028255 /* icon_search@3x.png in Resources */,
				38BD10ED1E8A377000028255 /* icon_news@2x.png in Resources */,
				383654E81E8CA41F0034C332 /* icon_information@2x.png in Resources */,
				383654E61E8CA41F0034C332 /* icon_goods@3x.png in Resources */,
				383654E41E8CA41F0034C332 /* icon_goods.png in Resources */,
				38BD10F81E8A377000028255 /* lunbo_white.png in Resources */,
				383654EF1E8CA41F0034C332 /* icon_pay@3x.png in Resources */,
				383654D91E8CA41F0034C332 /* icon_address@2x.png in Resources */,
				383654F81E8CA41F0034C332 /* icon_wallete@3x.png in Resources */,
				38BD10F91E8A377000028255 /* lunbo_white@2x.png in Resources */,
				383654DF1E8CA41F0034C332 /* icon_comment@2x.png in Resources */,
				38BD12431E8A829900028255 /* InfoPlist.strings in Resources */,
				383654FC1E8CA41F0034C332 /* member_diamond.png in Resources */,
				38BD10D71E8A377000028255 /* icon_classify.png in Resources */,
				38BD10F31E8A377000028255 /* logo@2x.png in Resources */,
				38BD10FB1E8A377000028255 /* search_bg.png in Resources */,
				38BD10D21E8A377000028255 /* icon_cart@2x.png in Resources */,
				383654FB1E8CA41F0034C332 /* member_copper@3x.png in Resources */,
				38BD10F51E8A377000028255 /* lunbo_red.png in Resources */,
				38BD123A1E8A6F4300028255 /* Localizable.strings in Resources */,
				383654DC1E8CA41F0034C332 /* icon_collect@2x.png in Resources */,
				383654E01E8CA41F0034C332 /* icon_comment@3x.png in Resources */,
				383655051E8CA41F0034C332 /* member_silver.png in Resources */,
				383655021E8CA41F0034C332 /* member_register.png in Resources */,
				383655081E8CA41F0034C332 /* pic_portrait.png in Resources */,
				38BD10FA1E8A377000028255 /* lunbo_white@3x.png in Resources */,
				383654E51E8CA41F0034C332 /* icon_goods@2x.png in Resources */,
				383654FF1E8CA41F0034C332 /* member_gold.png in Resources */,
				383655031E8CA41F0034C332 /* member_register@2x.png in Resources */,
				38BD10F21E8A377000028255 /* logo.png in Resources */,
				383654E31E8CA41F0034C332 /* icon_complete@3x.png in Resources */,
				38BD10D61E8A377000028255 /* icon_classify_s@3x.png in Resources */,
				383655041E8CA41F0034C332 /* member_register@3x.png in Resources */,
				383654FA1E8CA41F0034C332 /* member_copper@2x.png in Resources */,
				38BD10D91E8A377000028255 /* icon_classify@3x.png in Resources */,
				38BD10D41E8A377000028255 /* icon_classify_s.png in Resources */,
				38BD10E71E8A377000028255 /* icon_mine_s@2x.png in Resources */,
				38BD10E51E8A377000028255 /* icon_home@3x.png in Resources */,
				383654FD1E8CA41F0034C332 /* member_diamond@2x.png in Resources */,
				383654E91E8CA41F0034C332 /* icon_information@3x.png in Resources */,
				383655001E8CA41F0034C332 /* member_gold@2x.png in Resources */,
				383654EA1E8CA41F0034C332 /* icon_mews.png in Resources */,
				383654E11E8CA41F0034C332 /* icon_complete.png in Resources */,
				383654F51E8CA41F0034C332 /* icon_setting@3x.png in Resources */,
				38BD10CF1E8A377000028255 /* icon_cart_s@2x.png in Resources */,
				383654ED1E8CA41F0034C332 /* icon_pay.png in Resources */,
				38BD10DE1E8A377000028255 /* icon_gfm@2x.png in Resources */,
				38BD10D51E8A377000028255 /* icon_classify_s@2x.png in Resources */,
				383654DD1E8CA41F0034C332 /* icon_collect@3x.png in Resources */,
				383654DB1E8CA41F0034C332 /* icon_collect.png in Resources */,
				38BD10EF1E8A377000028255 /* icon_search.png in Resources */,
				383654DE1E8CA41F0034C332 /* icon_comment.png in Resources */,
				38BD10F61E8A377000028255 /* lunbo_red@2x.png in Resources */,
				383654EB1E8CA41F0034C332 /* icon_mews@2x.png in Resources */,
				38BD10EA1E8A377000028255 /* icon_mine@2x.png in Resources */,
				38BD10FC1E8A377000028255 /* search_bg@2x.png in Resources */,
				38BD10DF1E8A377000028255 /* icon_gfm@3x.png in Resources */,
				383654F61E8CA41F0034C332 /* icon_wallete.png in Resources */,
				383654EC1E8CA41F0034C332 /* icon_mews@3x.png in Resources */,
				38BD10EB1E8A377000028255 /* icon_mine@3x.png in Resources */,
				383655061E8CA41F0034C332 /* member_silver@2x.png in Resources */,
			);
			runOnlyForDeploymentPostprocessing = 0;
		};
		38C9DC9D1E88BF5F00F231B0 /* Resources */ = {
			isa = PBXResourcesBuildPhase;
			buildActionMask = 2147483647;
			files = (
			);
			runOnlyForDeploymentPostprocessing = 0;
		};
		38C9DCA81E88BF5F00F231B0 /* Resources */ = {
			isa = PBXResourcesBuildPhase;
			buildActionMask = 2147483647;
			files = (
			);
			runOnlyForDeploymentPostprocessing = 0;
		};
/* End PBXResourcesBuildPhase section */

/* Begin PBXShellScriptBuildPhase section */
		198520BA9FEC15E5A60D65AB /* [CP] Embed Pods Frameworks */ = {
			isa = PBXShellScriptBuildPhase;
			buildActionMask = 2147483647;
			files = (
			);
			inputPaths = (
			);
			name = "[CP] Embed Pods Frameworks";
			outputPaths = (
			);
			runOnlyForDeploymentPostprocessing = 0;
			shellPath = /bin/sh;
			shellScript = "\"${SRCROOT}/Pods/Target Support Files/Pods-GFreemall/Pods-GFreemall-frameworks.sh\"\n";
			showEnvVarsInLog = 0;
		};
		1F95B9D038ABBC46F7B0F722 /* [CP] Copy Pods Resources */ = {
			isa = PBXShellScriptBuildPhase;
			buildActionMask = 2147483647;
			files = (
			);
			inputPaths = (
			);
			name = "[CP] Copy Pods Resources";
			outputPaths = (
			);
			runOnlyForDeploymentPostprocessing = 0;
			shellPath = /bin/sh;
			shellScript = "\"${SRCROOT}/Pods/Target Support Files/Pods-GFreemall/Pods-GFreemall-resources.sh\"\n";
			showEnvVarsInLog = 0;
		};
		24AEAD19F10960138D3D9F35 /* [CP] Check Pods Manifest.lock */ = {
			isa = PBXShellScriptBuildPhase;
			buildActionMask = 2147483647;
			files = (
			);
			inputPaths = (
			);
			name = "[CP] Check Pods Manifest.lock";
			outputPaths = (
			);
			runOnlyForDeploymentPostprocessing = 0;
			shellPath = /bin/sh;
			shellScript = "diff \"${PODS_ROOT}/../Podfile.lock\" \"${PODS_ROOT}/Manifest.lock\" > /dev/null\nif [ $? != 0 ] ; then\n    # print error to STDERR\n    echo \"error: The sandbox is not in sync with the Podfile.lock. Run 'pod install' or update your CocoaPods installation.\" >&2\n    exit 1\nfi\n";
			showEnvVarsInLog = 0;
		};
/* End PBXShellScriptBuildPhase section */

/* Begin PBXSourcesBuildPhase section */
		38C9DC821E88BF5F00F231B0 /* Sources */ = {
			isa = PBXSourcesBuildPhase;
			buildActionMask = 2147483647;
			files = (
				3818ADC21E8BB27D00CA2FB6 /* SearchListingsView.m in Sources */,
				3818ADBC1E8BA71A00CA2FB6 /* ListCell.m in Sources */,
				383654301E8CA2E10034C332 /* MyAllCell.m in Sources */,
				38BD11031E8A46EF00028255 /* NULLCell.m in Sources */,
				3818ADB31E8B4EE200CA2FB6 /* ThreePictureCell.m in Sources */,
				38C9DCCA1E89018400F231B0 /* ClassificationViewController.m in Sources */,
				38C9DCBF1E89006000F231B0 /* SingletonClass.m in Sources */,
				38BD11001E8A42B900028255 /* HomeCell.m in Sources */,
				38C9DC911E88BF5F00F231B0 /* ViewController.m in Sources */,
				38C9DCD21E8901FD00F231B0 /* ShoppingCartViewController.m in Sources */,
				38C9DCD61E89021600F231B0 /* MyViewController.m in Sources */,
				38C9DC8E1E88BF5F00F231B0 /* AppDelegate.m in Sources */,
				38C9DC8B1E88BF5F00F231B0 /* main.m in Sources */,
				3818ADBF1E8BB23200CA2FB6 /* SearchListingsCollectionViewCell.m in Sources */,
				3818ADB61E8B5EDC00CA2FB6 /* ImageCell.m in Sources */,
				3818ADAD1E8B406700CA2FB6 /* MyButton.m in Sources */,
				38C9DCC21E89009F00F231B0 /* TheParentClass.m in Sources */,
				38C9DCC61E89012A00F231B0 /* HomeViewController.m in Sources */,
				3836542D1E8C994B0034C332 /* BrandCell.m in Sources */,
				38C9DCCE1E8901C300F231B0 /* GFMViewController.m in Sources */,
				3818ADA91E8B3FC100CA2FB6 /* ScrollViewCell.m in Sources */,
				3818ADB01E8B4C4300CA2FB6 /* MyView.m in Sources */,
				3818ADB91E8B61B000CA2FB6 /* MoreAndMoreCell.m in Sources */,
			);
			runOnlyForDeploymentPostprocessing = 0;
		};
		38C9DC9B1E88BF5F00F231B0 /* Sources */ = {
			isa = PBXSourcesBuildPhase;
			buildActionMask = 2147483647;
			files = (
				38C9DCA41E88BF5F00F231B0 /* GFreemallTests.m in Sources */,
			);
			runOnlyForDeploymentPostprocessing = 0;
		};
		38C9DCA61E88BF5F00F231B0 /* Sources */ = {
			isa = PBXSourcesBuildPhase;
			buildActionMask = 2147483647;
			files = (
				38C9DCAF1E88BF5F00F231B0 /* GFreemallUITests.m in Sources */,
			);
			runOnlyForDeploymentPostprocessing = 0;
		};
/* End PBXSourcesBuildPhase section */

/* Begin PBXTargetDependency section */
		38C9DCA11E88BF5F00F231B0 /* PBXTargetDependency */ = {
			isa = PBXTargetDependency;
			target = 38C9DC851E88BF5F00F231B0 /* GFreemall */;
			targetProxy = 38C9DCA01E88BF5F00F231B0 /* PBXContainerItemProxy */;
		};
		38C9DCAC1E88BF5F00F231B0 /* PBXTargetDependency */ = {
			isa = PBXTargetDependency;
			target = 38C9DC851E88BF5F00F231B0 /* GFreemall */;
			targetProxy = 38C9DCAB1E88BF5F00F231B0 /* PBXContainerItemProxy */;
		};
/* End PBXTargetDependency section */

/* Begin PBXVariantGroup section */
		38BD123C1E8A6F4300028255 /* Localizable.strings */ = {
			isa = PBXVariantGroup;
			children = (
				38BD123B1E8A6F4300028255 /* en */,
				38BD123D1E8A6F4500028255 /* zh-Hans */,
				38BD12401E8A6FAA00028255 /* zh-Hant */,
			);
			name = Localizable.strings;
			sourceTree = "<group>";
		};
		38BD12451E8A829900028255 /* InfoPlist.strings */ = {
			isa = PBXVariantGroup;
			children = (
				38BD12441E8A829900028255 /* en */,
				38BD12461E8A829B00028255 /* zh-Hans */,
				38BD12471E8A829D00028255 /* zh-Hant */,
			);
			name = InfoPlist.strings;
			sourceTree = "<group>";
		};
		38C9DC921E88BF5F00F231B0 /* Main.storyboard */ = {
			isa = PBXVariantGroup;
			children = (
				38C9DC931E88BF5F00F231B0 /* Base */,
				38BD11051E8A52FB00028255 /* zh-Hans */,
				38BD123E1E8A6FAA00028255 /* zh-Hant */,
			);
			name = Main.storyboard;
			sourceTree = "<group>";
		};
		38C9DC971E88BF5F00F231B0 /* LaunchScreen.storyboard */ = {
			isa = PBXVariantGroup;
			children = (
				38C9DC981E88BF5F00F231B0 /* Base */,
				38BD11061E8A52FB00028255 /* zh-Hans */,
				38BD123F1E8A6FAA00028255 /* zh-Hant */,
			);
			name = LaunchScreen.storyboard;
			sourceTree = "<group>";
		};
/* End PBXVariantGroup section */

/* Begin XCBuildConfiguration section */
		38C9DCB11E88BF5F00F231B0 /* Debug */ = {
			isa = XCBuildConfiguration;
			buildSettings = {
				ALWAYS_SEARCH_USER_PATHS = NO;
				CLANG_ANALYZER_LOCALIZABILITY_NONLOCALIZED = YES;
				CLANG_ANALYZER_NONNULL = YES;
				CLANG_CXX_LANGUAGE_STANDARD = "gnu++0x";
				CLANG_CXX_LIBRARY = "libc++";
				CLANG_ENABLE_MODULES = YES;
				CLANG_ENABLE_OBJC_ARC = YES;
				CLANG_WARN_BOOL_CONVERSION = YES;
				CLANG_WARN_CONSTANT_CONVERSION = YES;
				CLANG_WARN_DIRECT_OBJC_ISA_USAGE = YES_ERROR;
				CLANG_WARN_DOCUMENTATION_COMMENTS = YES;
				CLANG_WARN_EMPTY_BODY = YES;
				CLANG_WARN_ENUM_CONVERSION = YES;
				CLANG_WARN_INFINITE_RECURSION = YES;
				CLANG_WARN_INT_CONVERSION = YES;
				CLANG_WARN_OBJC_ROOT_CLASS = YES_ERROR;
				CLANG_WARN_SUSPICIOUS_MOVE = YES;
				CLANG_WARN_UNREACHABLE_CODE = YES;
				CLANG_WARN__DUPLICATE_METHOD_MATCH = YES;
				"CODE_SIGN_IDENTITY[sdk=iphoneos*]" = "iPhone Developer";
				COPY_PHASE_STRIP = NO;
				DEBUG_INFORMATION_FORMAT = dwarf;
				ENABLE_STRICT_OBJC_MSGSEND = YES;
				ENABLE_TESTABILITY = YES;
				GCC_C_LANGUAGE_STANDARD = gnu99;
				GCC_DYNAMIC_NO_PIC = NO;
				GCC_NO_COMMON_BLOCKS = YES;
				GCC_OPTIMIZATION_LEVEL = 0;
				GCC_PREPROCESSOR_DEFINITIONS = (
					"DEBUG=1",
					"$(inherited)",
				);
				GCC_WARN_64_TO_32_BIT_CONVERSION = YES;
				GCC_WARN_ABOUT_RETURN_TYPE = YES_ERROR;
				GCC_WARN_UNDECLARED_SELECTOR = YES;
				GCC_WARN_UNINITIALIZED_AUTOS = YES_AGGRESSIVE;
				GCC_WARN_UNUSED_FUNCTION = YES;
				GCC_WARN_UNUSED_VARIABLE = YES;
				IPHONEOS_DEPLOYMENT_TARGET = 10.2;
				MTL_ENABLE_DEBUG_INFO = YES;
				ONLY_ACTIVE_ARCH = YES;
				SDKROOT = iphoneos;
			};
			name = Debug;
		};
		38C9DCB21E88BF5F00F231B0 /* Release */ = {
			isa = XCBuildConfiguration;
			buildSettings = {
				ALWAYS_SEARCH_USER_PATHS = NO;
				CLANG_ANALYZER_LOCALIZABILITY_NONLOCALIZED = YES;
				CLANG_ANALYZER_NONNULL = YES;
				CLANG_CXX_LANGUAGE_STANDARD = "gnu++0x";
				CLANG_CXX_LIBRARY = "libc++";
				CLANG_ENABLE_MODULES = YES;
				CLANG_ENABLE_OBJC_ARC = YES;
				CLANG_WARN_BOOL_CONVERSION = YES;
				CLANG_WARN_CONSTANT_CONVERSION = YES;
				CLANG_WARN_DIRECT_OBJC_ISA_USAGE = YES_ERROR;
				CLANG_WARN_DOCUMENTATION_COMMENTS = YES;
				CLANG_WARN_EMPTY_BODY = YES;
				CLANG_WARN_ENUM_CONVERSION = YES;
				CLANG_WARN_INFINITE_RECURSION = YES;
				CLANG_WARN_INT_CONVERSION = YES;
				CLANG_WARN_OBJC_ROOT_CLASS = YES_ERROR;
				CLANG_WARN_SUSPICIOUS_MOVE = YES;
				CLANG_WARN_UNREACHABLE_CODE = YES;
				CLANG_WARN__DUPLICATE_METHOD_MATCH = YES;
				"CODE_SIGN_IDENTITY[sdk=iphoneos*]" = "iPhone Developer";
				COPY_PHASE_STRIP = NO;
				DEBUG_INFORMATION_FORMAT = "dwarf-with-dsym";
				ENABLE_NS_ASSERTIONS = NO;
				ENABLE_STRICT_OBJC_MSGSEND = YES;
				GCC_C_LANGUAGE_STANDARD = gnu99;
				GCC_NO_COMMON_BLOCKS = YES;
				GCC_WARN_64_TO_32_BIT_CONVERSION = YES;
				GCC_WARN_ABOUT_RETURN_TYPE = YES_ERROR;
				GCC_WARN_UNDECLARED_SELECTOR = YES;
				GCC_WARN_UNINITIALIZED_AUTOS = YES_AGGRESSIVE;
				GCC_WARN_UNUSED_FUNCTION = YES;
				GCC_WARN_UNUSED_VARIABLE = YES;
				IPHONEOS_DEPLOYMENT_TARGET = 10.2;
				MTL_ENABLE_DEBUG_INFO = NO;
				SDKROOT = iphoneos;
				VALIDATE_PRODUCT = YES;
			};
			name = Release;
		};
		38C9DCB41E88BF5F00F231B0 /* Debug */ = {
			isa = XCBuildConfiguration;
			baseConfigurationReference = 3CAC99031124F58E22E45701 /* Pods-GFreemall.debug.xcconfig */;
			buildSettings = {
				ASSETCATALOG_COMPILER_APPICON_NAME = AppIcon;
				GCC_PRECOMPILE_PREFIX_HEADER = YES;
				GCC_PREFIX_HEADER = "$(SRCROOT)/GFreemall/PrefixHeader.pch";
				INFOPLIST_FILE = GFreemall/Info.plist;
				LD_RUNPATH_SEARCH_PATHS = "$(inherited) @executable_path/Frameworks";
				PRODUCT_BUNDLE_IDENTIFIER = ANewStartIsMrHan.GFreemall;
				PRODUCT_NAME = "$(TARGET_NAME)";
			};
			name = Debug;
		};
		38C9DCB51E88BF5F00F231B0 /* Release */ = {
			isa = XCBuildConfiguration;
			baseConfigurationReference = 2975E64A1C59A326D2785033 /* Pods-GFreemall.release.xcconfig */;
			buildSettings = {
				ASSETCATALOG_COMPILER_APPICON_NAME = AppIcon;
				GCC_PRECOMPILE_PREFIX_HEADER = YES;
				GCC_PREFIX_HEADER = "$(SRCROOT)/GFreemall/PrefixHeader.pch";
				INFOPLIST_FILE = GFreemall/Info.plist;
				LD_RUNPATH_SEARCH_PATHS = "$(inherited) @executable_path/Frameworks";
				PRODUCT_BUNDLE_IDENTIFIER = ANewStartIsMrHan.GFreemall;
				PRODUCT_NAME = "$(TARGET_NAME)";
			};
			name = Release;
		};
		38C9DCB71E88BF5F00F231B0 /* Debug */ = {
			isa = XCBuildConfiguration;
			buildSettings = {
				BUNDLE_LOADER = "$(TEST_HOST)";
				INFOPLIST_FILE = GFreemallTests/Info.plist;
				LD_RUNPATH_SEARCH_PATHS = "$(inherited) @executable_path/Frameworks @loader_path/Frameworks";
				PRODUCT_BUNDLE_IDENTIFIER = ANewStartIsMrHan.GFreemallTests;
				PRODUCT_NAME = "$(TARGET_NAME)";
				TEST_HOST = "$(BUILT_PRODUCTS_DIR)/GFreemall.app/GFreemall";
			};
			name = Debug;
		};
		38C9DCB81E88BF5F00F231B0 /* Release */ = {
			isa = XCBuildConfiguration;
			buildSettings = {
				BUNDLE_LOADER = "$(TEST_HOST)";
				INFOPLIST_FILE = GFreemallTests/Info.plist;
				LD_RUNPATH_SEARCH_PATHS = "$(inherited) @executable_path/Frameworks @loader_path/Frameworks";
				PRODUCT_BUNDLE_IDENTIFIER = ANewStartIsMrHan.GFreemallTests;
				PRODUCT_NAME = "$(TARGET_NAME)";
				TEST_HOST = "$(BUILT_PRODUCTS_DIR)/GFreemall.app/GFreemall";
			};
			name = Release;
		};
		38C9DCBA1E88BF5F00F231B0 /* Debug */ = {
			isa = XCBuildConfiguration;
			buildSettings = {
				INFOPLIST_FILE = GFreemallUITests/Info.plist;
				LD_RUNPATH_SEARCH_PATHS = "$(inherited) @executable_path/Frameworks @loader_path/Frameworks";
				PRODUCT_BUNDLE_IDENTIFIER = ANewStartIsMrHan.GFreemallUITests;
				PRODUCT_NAME = "$(TARGET_NAME)";
				TEST_TARGET_NAME = GFreemall;
			};
			name = Debug;
		};
		38C9DCBB1E88BF5F00F231B0 /* Release */ = {
			isa = XCBuildConfiguration;
			buildSettings = {
				INFOPLIST_FILE = GFreemallUITests/Info.plist;
				LD_RUNPATH_SEARCH_PATHS = "$(inherited) @executable_path/Frameworks @loader_path/Frameworks";
				PRODUCT_BUNDLE_IDENTIFIER = ANewStartIsMrHan.GFreemallUITests;
				PRODUCT_NAME = "$(TARGET_NAME)";
				TEST_TARGET_NAME = GFreemall;
			};
			name = Release;
		};
/* End XCBuildConfiguration section */

/* Begin XCConfigurationList section */
		38C9DC811E88BF5F00F231B0 /* Build configuration list for PBXProject "GFreemall" */ = {
			isa = XCConfigurationList;
			buildConfigurations = (
				38C9DCB11E88BF5F00F231B0 /* Debug */,
				38C9DCB21E88BF5F00F231B0 /* Release */,
			);
			defaultConfigurationIsVisible = 0;
			defaultConfigurationName = Release;
		};
		38C9DCB31E88BF5F00F231B0 /* Build configuration list for PBXNativeTarget "GFreemall" */ = {
			isa = XCConfigurationList;
			buildConfigurations = (
				38C9DCB41E88BF5F00F231B0 /* Debug */,
				38C9DCB51E88BF5F00F231B0 /* Release */,
			);
			defaultConfigurationIsVisible = 0;
			defaultConfigurationName = Release;
		};
		38C9DCB61E88BF5F00F231B0 /* Build configuration list for PBXNativeTarget "GFreemallTests" */ = {
			isa = XCConfigurationList;
			buildConfigurations = (
				38C9DCB71E88BF5F00F231B0 /* Debug */,
				38C9DCB81E88BF5F00F231B0 /* Release */,
			);
			defaultConfigurationIsVisible = 0;
			defaultConfigurationName = Release;
		};
		38C9DCB91E88BF5F00F231B0 /* Build configuration list for PBXNativeTarget "GFreemallUITests" */ = {
			isa = XCConfigurationList;
			buildConfigurations = (
				38C9DCBA1E88BF5F00F231B0 /* Debug */,
				38C9DCBB1E88BF5F00F231B0 /* Release */,
			);
			defaultConfigurationIsVisible = 0;
			defaultConfigurationName = Release;
		};
/* End XCConfigurationList section */
	};
	rootObject = 38C9DC7E1E88BF5F00F231B0 /* Project object */;
}
